{
  "version": 4,
  "terraform_version": "1.0.2",
  "serial": 66,
  "lineage": "23985d50-8c39-e79a-c535-db5fc9c64517",
  "outputs": {},
  "resources": [
    {
      "mode": "managed",
      "type": "azurerm_linux_virtual_machine",
      "name": "myVMB2s",
      "provider": "provider[\"registry.terraform.io/hashicorp/azurerm\"]",
      "instances": [
        {
          "index_key": 0,
          "schema_version": 0,
          "attributes": {
            "additional_capabilities": [],
            "admin_password": null,
            "admin_ssh_key": [
              {
                "public_key": "ssh-rsa AAAAB3NzaC1yc2EAAAADAQABAAABgQDIgqnP7594ZkNFulBUJ+Lu8bmv3y/L1X5wqL/2bpMUp9MWhQ2jghOzLOlsVxwlBkEzCx+scBaFpNsKqowB2dLt2x+bgKyD3LQnAQIbHyi4MdjXQRXZ1sXFuOF8fvT38itopLkytVSri43AU0+3WHrlV7EbZHo8u4BW+wZ5p07cZ5RmlBu/Luhea1v4Q7+COERK7lBURhXWyvIFNCyxRpeHvEUOPtO4BErxSBfeK70NqEooNPBA6/wxxcOuWFTHLHD/NO7KNANF+PgoeSUiyjwMIDt7HFBmtQH3ST7yPjjsn7rGLqMQNV8DRQWhMlOYP8DJWsKFymh5E2+yM/3azjZoJrtbvgqHBzuXL2VdRS0l0Cd3HqDcZaSxrTH2Hx2XAfmvnF1RrW/Y6n4CczQMKxLTkBFs/JVdi0jI1epZ90L1berPJSywozVNCNE2JMeKqE/tkBor4SLK/5lT7mvGbnOD4mNkLslkYA0/aD36Gkd8yl047c2FcKQceai52fguWQE= guarino@MADESGGOWE10P1\r\n",
                "username": "adminUsername"
              }
            ],
            "admin_username": "adminUsername",
            "allow_extension_operations": true,
            "availability_set_id": "",
            "boot_diagnostics": [
              {
                "storage_account_uri": "https://storageaccountgabgua.blob.core.windows.net/"
              }
            ],
            "computer_name": "master.azure",
            "custom_data": null,
            "dedicated_host_id": "",
            "disable_password_authentication": true,
            "encryption_at_host_enabled": false,
            "eviction_policy": "",
            "extensions_time_budget": "PT1H30M",
            "id": "/subscriptions/28fcfe8a-5f17-4c54-a3db-14d00d3392c0/resourceGroups/kubernetes_rg/providers/Microsoft.Compute/virtualMachines/master.azure",
            "identity": [],
            "location": "westeurope",
            "max_bid_price": -1,
            "name": "master.azure",
            "network_interface_ids": [
              "/subscriptions/28fcfe8a-5f17-4c54-a3db-14d00d3392c0/resourceGroups/kubernetes_rg/providers/Microsoft.Network/networkInterfaces/vmnicmaster.azure"
            ],
            "os_disk": [
              {
                "caching": "ReadWrite",
                "diff_disk_settings": [],
                "disk_encryption_set_id": "",
                "disk_size_gb": 30,
                "name": "master.azure_OsDisk_1_c58972d3f2e54e848f06c6b55ab59cdf",
                "storage_account_type": "Standard_LRS",
                "write_accelerator_enabled": false
              }
            ],
            "plan": [
              {
                "name": "centos-8-stream-free",
                "product": "centos-8-stream-free",
                "publisher": "cognosys"
              }
            ],
            "priority": "Regular",
            "private_ip_address": "10.0.1.10",
            "private_ip_addresses": [
              "10.0.1.10"
            ],
            "provision_vm_agent": true,
            "proximity_placement_group_id": "",
            "public_ip_address": "20.105.196.36",
            "public_ip_addresses": [
              "20.105.196.36"
            ],
            "resource_group_name": "kubernetes_rg",
            "secret": [],
            "size": "Standard_B2s",
            "source_image_id": "",
            "source_image_reference": [
              {
                "offer": "centos-8-stream-free",
                "publisher": "cognosys",
                "sku": "centos-8-stream-free",
                "version": "1.2019.0810"
              }
            ],
            "tags": {
              "environment": "CP2"
            },
            "timeouts": null,
            "virtual_machine_id": "ba439406-6d96-4ce5-b468-dce24c7a2363",
            "virtual_machine_scale_set_id": "",
            "zone": ""
          },
          "sensitive_attributes": [],
          "private": "eyJlMmJmYjczMC1lY2FhLTExZTYtOGY4OC0zNDM2M2JjN2M0YzAiOnsiY3JlYXRlIjoyNzAwMDAwMDAwMDAwLCJkZWxldGUiOjI3MDAwMDAwMDAwMDAsInJlYWQiOjMwMDAwMDAwMDAwMCwidXBkYXRlIjoyNzAwMDAwMDAwMDAwfX0=",
          "dependencies": [
            "azurerm_network_interface.myNic1",
            "azurerm_public_ip.myPublicIp1",
            "azurerm_resource_group.rg",
            "azurerm_storage_account.stAccount",
            "azurerm_subnet.mySubnet",
            "azurerm_virtual_network.myNet"
          ]
        }
      ]
    },
    {
      "mode": "managed",
      "type": "azurerm_linux_virtual_machine",
      "name": "myVMBD1_v2",
      "provider": "provider[\"registry.terraform.io/hashicorp/azurerm\"]",
      "instances": [
        {
          "index_key": 0,
          "schema_version": 0,
          "attributes": {
            "additional_capabilities": [],
            "admin_password": null,
            "admin_ssh_key": [
              {
                "public_key": "ssh-rsa AAAAB3NzaC1yc2EAAAADAQABAAABgQDIgqnP7594ZkNFulBUJ+Lu8bmv3y/L1X5wqL/2bpMUp9MWhQ2jghOzLOlsVxwlBkEzCx+scBaFpNsKqowB2dLt2x+bgKyD3LQnAQIbHyi4MdjXQRXZ1sXFuOF8fvT38itopLkytVSri43AU0+3WHrlV7EbZHo8u4BW+wZ5p07cZ5RmlBu/Luhea1v4Q7+COERK7lBURhXWyvIFNCyxRpeHvEUOPtO4BErxSBfeK70NqEooNPBA6/wxxcOuWFTHLHD/NO7KNANF+PgoeSUiyjwMIDt7HFBmtQH3ST7yPjjsn7rGLqMQNV8DRQWhMlOYP8DJWsKFymh5E2+yM/3azjZoJrtbvgqHBzuXL2VdRS0l0Cd3HqDcZaSxrTH2Hx2XAfmvnF1RrW/Y6n4CczQMKxLTkBFs/JVdi0jI1epZ90L1berPJSywozVNCNE2JMeKqE/tkBor4SLK/5lT7mvGbnOD4mNkLslkYA0/aD36Gkd8yl047c2FcKQceai52fguWQE= guarino@MADESGGOWE10P1\r\n",
                "username": "adminUsername"
              }
            ],
            "admin_username": "adminUsername",
            "allow_extension_operations": true,
            "availability_set_id": "",
            "boot_diagnostics": [
              {
                "storage_account_uri": "https://storageaccountgabgua.blob.core.windows.net/"
              }
            ],
            "computer_name": "worker01.azure",
            "custom_data": null,
            "dedicated_host_id": "",
            "disable_password_authentication": true,
            "encryption_at_host_enabled": false,
            "eviction_policy": "",
            "extensions_time_budget": "PT1H30M",
            "id": "/subscriptions/28fcfe8a-5f17-4c54-a3db-14d00d3392c0/resourceGroups/kubernetes_rg/providers/Microsoft.Compute/virtualMachines/worker01.azure",
            "identity": [],
            "location": "westeurope",
            "max_bid_price": -1,
            "name": "worker01.azure",
            "network_interface_ids": [
              "/subscriptions/28fcfe8a-5f17-4c54-a3db-14d00d3392c0/resourceGroups/kubernetes_rg/providers/Microsoft.Network/networkInterfaces/vmnicworker01.azure"
            ],
            "os_disk": [
              {
                "caching": "ReadWrite",
                "diff_disk_settings": [],
                "disk_encryption_set_id": "",
                "disk_size_gb": 30,
                "name": "worker01.azure_OsDisk_1_ab5d4f6e32f4447bb4c7b2eadd0e57c7",
                "storage_account_type": "Standard_LRS",
                "write_accelerator_enabled": false
              }
            ],
            "plan": [
              {
                "name": "centos-8-stream-free",
                "product": "centos-8-stream-free",
                "publisher": "cognosys"
              }
            ],
            "priority": "Regular",
            "private_ip_address": "10.0.1.20",
            "private_ip_addresses": [
              "10.0.1.20"
            ],
            "provision_vm_agent": true,
            "proximity_placement_group_id": "",
            "public_ip_address": "51.145.159.198",
            "public_ip_addresses": [
              "51.145.159.198"
            ],
            "resource_group_name": "kubernetes_rg",
            "secret": [],
            "size": "Standard_DS1_v2",
            "source_image_id": "",
            "source_image_reference": [
              {
                "offer": "centos-8-stream-free",
                "publisher": "cognosys",
                "sku": "centos-8-stream-free",
                "version": "1.2019.0810"
              }
            ],
            "tags": {
              "environment": "CP2"
            },
            "timeouts": null,
            "virtual_machine_id": "2405a8b1-ca5d-4eb0-8742-2cc7137b3a47",
            "virtual_machine_scale_set_id": "",
            "zone": ""
          },
          "sensitive_attributes": [],
          "private": "eyJlMmJmYjczMC1lY2FhLTExZTYtOGY4OC0zNDM2M2JjN2M0YzAiOnsiY3JlYXRlIjoyNzAwMDAwMDAwMDAwLCJkZWxldGUiOjI3MDAwMDAwMDAwMDAsInJlYWQiOjMwMDAwMDAwMDAwMCwidXBkYXRlIjoyNzAwMDAwMDAwMDAwfX0=",
          "dependencies": [
            "azurerm_network_interface.myNic2",
            "azurerm_public_ip.myPublicIp2",
            "azurerm_resource_group.rg",
            "azurerm_storage_account.stAccount",
            "azurerm_subnet.mySubnet",
            "azurerm_virtual_network.myNet"
          ]
        },
        {
          "index_key": 1,
          "schema_version": 0,
          "attributes": {
            "additional_capabilities": [],
            "admin_password": null,
            "admin_ssh_key": [
              {
                "public_key": "ssh-rsa AAAAB3NzaC1yc2EAAAADAQABAAABgQDIgqnP7594ZkNFulBUJ+Lu8bmv3y/L1X5wqL/2bpMUp9MWhQ2jghOzLOlsVxwlBkEzCx+scBaFpNsKqowB2dLt2x+bgKyD3LQnAQIbHyi4MdjXQRXZ1sXFuOF8fvT38itopLkytVSri43AU0+3WHrlV7EbZHo8u4BW+wZ5p07cZ5RmlBu/Luhea1v4Q7+COERK7lBURhXWyvIFNCyxRpeHvEUOPtO4BErxSBfeK70NqEooNPBA6/wxxcOuWFTHLHD/NO7KNANF+PgoeSUiyjwMIDt7HFBmtQH3ST7yPjjsn7rGLqMQNV8DRQWhMlOYP8DJWsKFymh5E2+yM/3azjZoJrtbvgqHBzuXL2VdRS0l0Cd3HqDcZaSxrTH2Hx2XAfmvnF1RrW/Y6n4CczQMKxLTkBFs/JVdi0jI1epZ90L1berPJSywozVNCNE2JMeKqE/tkBor4SLK/5lT7mvGbnOD4mNkLslkYA0/aD36Gkd8yl047c2FcKQceai52fguWQE= guarino@MADESGGOWE10P1\r\n",
                "username": "adminUsername"
              }
            ],
            "admin_username": "adminUsername",
            "allow_extension_operations": true,
            "availability_set_id": "",
            "boot_diagnostics": [
              {
                "storage_account_uri": "https://storageaccountgabgua.blob.core.windows.net/"
              }
            ],
            "computer_name": "worker02.azure",
            "custom_data": null,
            "dedicated_host_id": "",
            "disable_password_authentication": true,
            "encryption_at_host_enabled": false,
            "eviction_policy": "",
            "extensions_time_budget": "PT1H30M",
            "id": "/subscriptions/28fcfe8a-5f17-4c54-a3db-14d00d3392c0/resourceGroups/kubernetes_rg/providers/Microsoft.Compute/virtualMachines/worker02.azure",
            "identity": [],
            "location": "westeurope",
            "max_bid_price": -1,
            "name": "worker02.azure",
            "network_interface_ids": [
              "/subscriptions/28fcfe8a-5f17-4c54-a3db-14d00d3392c0/resourceGroups/kubernetes_rg/providers/Microsoft.Network/networkInterfaces/vmnicworker02.azure"
            ],
            "os_disk": [
              {
                "caching": "ReadWrite",
                "diff_disk_settings": [],
                "disk_encryption_set_id": "",
                "disk_size_gb": 30,
                "name": "worker02.azure_OsDisk_1_a99c0e283a6e40d7b801d3dac446360d",
                "storage_account_type": "Standard_LRS",
                "write_accelerator_enabled": false
              }
            ],
            "plan": [
              {
                "name": "centos-8-stream-free",
                "product": "centos-8-stream-free",
                "publisher": "cognosys"
              }
            ],
            "priority": "Regular",
            "private_ip_address": "10.0.1.21",
            "private_ip_addresses": [
              "10.0.1.21"
            ],
            "provision_vm_agent": true,
            "proximity_placement_group_id": "",
            "public_ip_address": "20.101.114.96",
            "public_ip_addresses": [
              "20.101.114.96"
            ],
            "resource_group_name": "kubernetes_rg",
            "secret": [],
            "size": "Standard_DS1_v2",
            "source_image_id": "",
            "source_image_reference": [
              {
                "offer": "centos-8-stream-free",
                "publisher": "cognosys",
                "sku": "centos-8-stream-free",
                "version": "1.2019.0810"
              }
            ],
            "tags": {
              "environment": "CP2"
            },
            "timeouts": null,
            "virtual_machine_id": "4f1f2717-42ee-40c2-87fa-643bb7bc90ea",
            "virtual_machine_scale_set_id": "",
            "zone": ""
          },
          "sensitive_attributes": [],
          "private": "eyJlMmJmYjczMC1lY2FhLTExZTYtOGY4OC0zNDM2M2JjN2M0YzAiOnsiY3JlYXRlIjoyNzAwMDAwMDAwMDAwLCJkZWxldGUiOjI3MDAwMDAwMDAwMDAsInJlYWQiOjMwMDAwMDAwMDAwMCwidXBkYXRlIjoyNzAwMDAwMDAwMDAwfX0=",
          "dependencies": [
            "azurerm_network_interface.myNic2",
            "azurerm_public_ip.myPublicIp2",
            "azurerm_resource_group.rg",
            "azurerm_storage_account.stAccount",
            "azurerm_subnet.mySubnet",
            "azurerm_virtual_network.myNet"
          ]
        },
        {
          "index_key": 2,
          "schema_version": 0,
          "attributes": {
            "additional_capabilities": [],
            "admin_password": null,
            "admin_ssh_key": [
              {
                "public_key": "ssh-rsa AAAAB3NzaC1yc2EAAAADAQABAAABgQDIgqnP7594ZkNFulBUJ+Lu8bmv3y/L1X5wqL/2bpMUp9MWhQ2jghOzLOlsVxwlBkEzCx+scBaFpNsKqowB2dLt2x+bgKyD3LQnAQIbHyi4MdjXQRXZ1sXFuOF8fvT38itopLkytVSri43AU0+3WHrlV7EbZHo8u4BW+wZ5p07cZ5RmlBu/Luhea1v4Q7+COERK7lBURhXWyvIFNCyxRpeHvEUOPtO4BErxSBfeK70NqEooNPBA6/wxxcOuWFTHLHD/NO7KNANF+PgoeSUiyjwMIDt7HFBmtQH3ST7yPjjsn7rGLqMQNV8DRQWhMlOYP8DJWsKFymh5E2+yM/3azjZoJrtbvgqHBzuXL2VdRS0l0Cd3HqDcZaSxrTH2Hx2XAfmvnF1RrW/Y6n4CczQMKxLTkBFs/JVdi0jI1epZ90L1berPJSywozVNCNE2JMeKqE/tkBor4SLK/5lT7mvGbnOD4mNkLslkYA0/aD36Gkd8yl047c2FcKQceai52fguWQE= guarino@MADESGGOWE10P1\r\n",
                "username": "adminUsername"
              }
            ],
            "admin_username": "adminUsername",
            "allow_extension_operations": true,
            "availability_set_id": "",
            "boot_diagnostics": [
              {
                "storage_account_uri": "https://storageaccountgabgua.blob.core.windows.net/"
              }
            ],
            "computer_name": "nfs.azure",
            "custom_data": null,
            "dedicated_host_id": "",
            "disable_password_authentication": true,
            "encryption_at_host_enabled": false,
            "eviction_policy": "",
            "extensions_time_budget": "PT1H30M",
            "id": "/subscriptions/28fcfe8a-5f17-4c54-a3db-14d00d3392c0/resourceGroups/kubernetes_rg/providers/Microsoft.Compute/virtualMachines/nfs.azure",
            "identity": [],
            "location": "westeurope",
            "max_bid_price": -1,
            "name": "nfs.azure",
            "network_interface_ids": [
              "/subscriptions/28fcfe8a-5f17-4c54-a3db-14d00d3392c0/resourceGroups/kubernetes_rg/providers/Microsoft.Network/networkInterfaces/vmnicnfs.azure"
            ],
            "os_disk": [
              {
                "caching": "ReadWrite",
                "diff_disk_settings": [],
                "disk_encryption_set_id": "",
                "disk_size_gb": 30,
                "name": "nfs.azure_OsDisk_1_f7bfc431c26546879760011d128b0b78",
                "storage_account_type": "Standard_LRS",
                "write_accelerator_enabled": false
              }
            ],
            "plan": [
              {
                "name": "centos-8-stream-free",
                "product": "centos-8-stream-free",
                "publisher": "cognosys"
              }
            ],
            "priority": "Regular",
            "private_ip_address": "10.0.1.22",
            "private_ip_addresses": [
              "10.0.1.22"
            ],
            "provision_vm_agent": true,
            "proximity_placement_group_id": "",
            "public_ip_address": "20.101.140.202",
            "public_ip_addresses": [
              "20.101.140.202"
            ],
            "resource_group_name": "kubernetes_rg",
            "secret": [],
            "size": "Standard_DS1_v2",
            "source_image_id": "",
            "source_image_reference": [
              {
                "offer": "centos-8-stream-free",
                "publisher": "cognosys",
                "sku": "centos-8-stream-free",
                "version": "1.2019.0810"
              }
            ],
            "tags": {
              "environment": "CP2"
            },
            "timeouts": null,
            "virtual_machine_id": "57a108cb-0b36-4261-ab85-19d13a1524b2",
            "virtual_machine_scale_set_id": "",
            "zone": ""
          },
          "sensitive_attributes": [],
          "private": "eyJlMmJmYjczMC1lY2FhLTExZTYtOGY4OC0zNDM2M2JjN2M0YzAiOnsiY3JlYXRlIjoyNzAwMDAwMDAwMDAwLCJkZWxldGUiOjI3MDAwMDAwMDAwMDAsInJlYWQiOjMwMDAwMDAwMDAwMCwidXBkYXRlIjoyNzAwMDAwMDAwMDAwfX0=",
          "dependencies": [
            "azurerm_network_interface.myNic2",
            "azurerm_public_ip.myPublicIp2",
            "azurerm_resource_group.rg",
            "azurerm_storage_account.stAccount",
            "azurerm_subnet.mySubnet",
            "azurerm_virtual_network.myNet"
          ]
        }
      ]
    },
    {
      "mode": "managed",
      "type": "azurerm_network_interface",
      "name": "myNic1",
      "provider": "provider[\"registry.terraform.io/hashicorp/azurerm\"]",
      "instances": [
        {
          "index_key": 0,
          "schema_version": 0,
          "attributes": {
            "applied_dns_servers": [],
            "dns_servers": [],
            "enable_accelerated_networking": false,
            "enable_ip_forwarding": false,
            "id": "/subscriptions/28fcfe8a-5f17-4c54-a3db-14d00d3392c0/resourceGroups/kubernetes_rg/providers/Microsoft.Network/networkInterfaces/vmnicmaster.azure",
            "internal_dns_name_label": "",
            "internal_domain_name_suffix": "p1tud24kzdceneolqmnpmmdqng.ax.internal.cloudapp.net",
            "ip_configuration": [
              {
                "name": "myipconfigurationmaster.azure",
                "primary": true,
                "private_ip_address": "10.0.1.10",
                "private_ip_address_allocation": "Static",
                "private_ip_address_version": "IPv4",
                "public_ip_address_id": "/subscriptions/28fcfe8a-5f17-4c54-a3db-14d00d3392c0/resourceGroups/kubernetes_rg/providers/Microsoft.Network/publicIPAddresses/PublicIPmaster.azure",
                "subnet_id": "/subscriptions/28fcfe8a-5f17-4c54-a3db-14d00d3392c0/resourceGroups/kubernetes_rg/providers/Microsoft.Network/virtualNetworks/kubernetesnet/subnets/terraformsubnet"
              }
            ],
            "location": "westeurope",
            "mac_address": "",
            "name": "vmnicmaster.azure",
            "private_ip_address": "10.0.1.10",
            "private_ip_addresses": [
              "10.0.1.10"
            ],
            "resource_group_name": "kubernetes_rg",
            "tags": {
              "environment": "CP2"
            },
            "timeouts": null,
            "virtual_machine_id": ""
          },
          "sensitive_attributes": [],
          "private": "eyJlMmJmYjczMC1lY2FhLTExZTYtOGY4OC0zNDM2M2JjN2M0YzAiOnsiY3JlYXRlIjoxODAwMDAwMDAwMDAwLCJkZWxldGUiOjE4MDAwMDAwMDAwMDAsInJlYWQiOjMwMDAwMDAwMDAwMCwidXBkYXRlIjoxODAwMDAwMDAwMDAwfX0=",
          "dependencies": [
            "azurerm_public_ip.myPublicIp1",
            "azurerm_resource_group.rg",
            "azurerm_subnet.mySubnet",
            "azurerm_virtual_network.myNet"
          ]
        }
      ]
    },
    {
      "mode": "managed",
      "type": "azurerm_network_interface",
      "name": "myNic2",
      "provider": "provider[\"registry.terraform.io/hashicorp/azurerm\"]",
      "instances": [
        {
          "index_key": 0,
          "schema_version": 0,
          "attributes": {
            "applied_dns_servers": [],
            "dns_servers": [],
            "enable_accelerated_networking": false,
            "enable_ip_forwarding": false,
            "id": "/subscriptions/28fcfe8a-5f17-4c54-a3db-14d00d3392c0/resourceGroups/kubernetes_rg/providers/Microsoft.Network/networkInterfaces/vmnicworker01.azure",
            "internal_dns_name_label": "",
            "internal_domain_name_suffix": "p1tud24kzdceneolqmnpmmdqng.ax.internal.cloudapp.net",
            "ip_configuration": [
              {
                "name": "myipconfigurationworker01.azure",
                "primary": true,
                "private_ip_address": "10.0.1.20",
                "private_ip_address_allocation": "Static",
                "private_ip_address_version": "IPv4",
                "public_ip_address_id": "/subscriptions/28fcfe8a-5f17-4c54-a3db-14d00d3392c0/resourceGroups/kubernetes_rg/providers/Microsoft.Network/publicIPAddresses/PublicIPworker01.azure",
                "subnet_id": "/subscriptions/28fcfe8a-5f17-4c54-a3db-14d00d3392c0/resourceGroups/kubernetes_rg/providers/Microsoft.Network/virtualNetworks/kubernetesnet/subnets/terraformsubnet"
              }
            ],
            "location": "westeurope",
            "mac_address": "",
            "name": "vmnicworker01.azure",
            "private_ip_address": "10.0.1.20",
            "private_ip_addresses": [
              "10.0.1.20"
            ],
            "resource_group_name": "kubernetes_rg",
            "tags": {
              "environment": "CP2"
            },
            "timeouts": null,
            "virtual_machine_id": ""
          },
          "sensitive_attributes": [],
          "private": "eyJlMmJmYjczMC1lY2FhLTExZTYtOGY4OC0zNDM2M2JjN2M0YzAiOnsiY3JlYXRlIjoxODAwMDAwMDAwMDAwLCJkZWxldGUiOjE4MDAwMDAwMDAwMDAsInJlYWQiOjMwMDAwMDAwMDAwMCwidXBkYXRlIjoxODAwMDAwMDAwMDAwfX0=",
          "dependencies": [
            "azurerm_public_ip.myPublicIp2",
            "azurerm_resource_group.rg",
            "azurerm_subnet.mySubnet",
            "azurerm_virtual_network.myNet"
          ]
        },
        {
          "index_key": 1,
          "schema_version": 0,
          "attributes": {
            "applied_dns_servers": [],
            "dns_servers": [],
            "enable_accelerated_networking": false,
            "enable_ip_forwarding": false,
            "id": "/subscriptions/28fcfe8a-5f17-4c54-a3db-14d00d3392c0/resourceGroups/kubernetes_rg/providers/Microsoft.Network/networkInterfaces/vmnicworker02.azure",
            "internal_dns_name_label": "",
            "internal_domain_name_suffix": "p1tud24kzdceneolqmnpmmdqng.ax.internal.cloudapp.net",
            "ip_configuration": [
              {
                "name": "myipconfigurationworker02.azure",
                "primary": true,
                "private_ip_address": "10.0.1.21",
                "private_ip_address_allocation": "Static",
                "private_ip_address_version": "IPv4",
                "public_ip_address_id": "/subscriptions/28fcfe8a-5f17-4c54-a3db-14d00d3392c0/resourceGroups/kubernetes_rg/providers/Microsoft.Network/publicIPAddresses/PublicIPworker02.azure",
                "subnet_id": "/subscriptions/28fcfe8a-5f17-4c54-a3db-14d00d3392c0/resourceGroups/kubernetes_rg/providers/Microsoft.Network/virtualNetworks/kubernetesnet/subnets/terraformsubnet"
              }
            ],
            "location": "westeurope",
            "mac_address": "",
            "name": "vmnicworker02.azure",
            "private_ip_address": "10.0.1.21",
            "private_ip_addresses": [
              "10.0.1.21"
            ],
            "resource_group_name": "kubernetes_rg",
            "tags": {
              "environment": "CP2"
            },
            "timeouts": null,
            "virtual_machine_id": ""
          },
          "sensitive_attributes": [],
          "private": "eyJlMmJmYjczMC1lY2FhLTExZTYtOGY4OC0zNDM2M2JjN2M0YzAiOnsiY3JlYXRlIjoxODAwMDAwMDAwMDAwLCJkZWxldGUiOjE4MDAwMDAwMDAwMDAsInJlYWQiOjMwMDAwMDAwMDAwMCwidXBkYXRlIjoxODAwMDAwMDAwMDAwfX0=",
          "dependencies": [
            "azurerm_public_ip.myPublicIp2",
            "azurerm_resource_group.rg",
            "azurerm_subnet.mySubnet",
            "azurerm_virtual_network.myNet"
          ]
        },
        {
          "index_key": 2,
          "schema_version": 0,
          "attributes": {
            "applied_dns_servers": [],
            "dns_servers": [],
            "enable_accelerated_networking": false,
            "enable_ip_forwarding": false,
            "id": "/subscriptions/28fcfe8a-5f17-4c54-a3db-14d00d3392c0/resourceGroups/kubernetes_rg/providers/Microsoft.Network/networkInterfaces/vmnicnfs.azure",
            "internal_dns_name_label": "",
            "internal_domain_name_suffix": "p1tud24kzdceneolqmnpmmdqng.ax.internal.cloudapp.net",
            "ip_configuration": [
              {
                "name": "myipconfigurationnfs.azure",
                "primary": true,
                "private_ip_address": "10.0.1.22",
                "private_ip_address_allocation": "Static",
                "private_ip_address_version": "IPv4",
                "public_ip_address_id": "/subscriptions/28fcfe8a-5f17-4c54-a3db-14d00d3392c0/resourceGroups/kubernetes_rg/providers/Microsoft.Network/publicIPAddresses/PublicIPnfs.azure",
                "subnet_id": "/subscriptions/28fcfe8a-5f17-4c54-a3db-14d00d3392c0/resourceGroups/kubernetes_rg/providers/Microsoft.Network/virtualNetworks/kubernetesnet/subnets/terraformsubnet"
              }
            ],
            "location": "westeurope",
            "mac_address": "",
            "name": "vmnicnfs.azure",
            "private_ip_address": "10.0.1.22",
            "private_ip_addresses": [
              "10.0.1.22"
            ],
            "resource_group_name": "kubernetes_rg",
            "tags": {
              "environment": "CP2"
            },
            "timeouts": null,
            "virtual_machine_id": ""
          },
          "sensitive_attributes": [],
          "private": "eyJlMmJmYjczMC1lY2FhLTExZTYtOGY4OC0zNDM2M2JjN2M0YzAiOnsiY3JlYXRlIjoxODAwMDAwMDAwMDAwLCJkZWxldGUiOjE4MDAwMDAwMDAwMDAsInJlYWQiOjMwMDAwMDAwMDAwMCwidXBkYXRlIjoxODAwMDAwMDAwMDAwfX0=",
          "dependencies": [
            "azurerm_public_ip.myPublicIp2",
            "azurerm_resource_group.rg",
            "azurerm_subnet.mySubnet",
            "azurerm_virtual_network.myNet"
          ]
        }
      ]
    },
    {
      "mode": "managed",
      "type": "azurerm_network_interface_security_group_association",
      "name": "mySecGroupAssociation1",
      "provider": "provider[\"registry.terraform.io/hashicorp/azurerm\"]",
      "instances": [
        {
          "index_key": 0,
          "schema_version": 0,
          "attributes": {
            "id": "/subscriptions/28fcfe8a-5f17-4c54-a3db-14d00d3392c0/resourceGroups/kubernetes_rg/providers/Microsoft.Network/networkInterfaces/vmnicmaster.azure|/subscriptions/28fcfe8a-5f17-4c54-a3db-14d00d3392c0/resourceGroups/kubernetes_rg/providers/Microsoft.Network/networkSecurityGroups/sshtraffic",
            "network_interface_id": "/subscriptions/28fcfe8a-5f17-4c54-a3db-14d00d3392c0/resourceGroups/kubernetes_rg/providers/Microsoft.Network/networkInterfaces/vmnicmaster.azure",
            "network_security_group_id": "/subscriptions/28fcfe8a-5f17-4c54-a3db-14d00d3392c0/resourceGroups/kubernetes_rg/providers/Microsoft.Network/networkSecurityGroups/sshtraffic",
            "timeouts": null
          },
          "sensitive_attributes": [],
          "private": "eyJlMmJmYjczMC1lY2FhLTExZTYtOGY4OC0zNDM2M2JjN2M0YzAiOnsiY3JlYXRlIjoxODAwMDAwMDAwMDAwLCJkZWxldGUiOjE4MDAwMDAwMDAwMDAsInJlYWQiOjMwMDAwMDAwMDAwMCwidXBkYXRlIjoxODAwMDAwMDAwMDAwfX0=",
          "dependencies": [
            "azurerm_network_interface.myNic1",
            "azurerm_network_security_group.mySecGroup",
            "azurerm_public_ip.myPublicIp1",
            "azurerm_resource_group.rg",
            "azurerm_subnet.mySubnet",
            "azurerm_virtual_network.myNet"
          ]
        }
      ]
    },
    {
      "mode": "managed",
      "type": "azurerm_network_interface_security_group_association",
      "name": "mySecGroupAssociation2",
      "provider": "provider[\"registry.terraform.io/hashicorp/azurerm\"]",
      "instances": [
        {
          "index_key": 0,
          "schema_version": 0,
          "attributes": {
            "id": "/subscriptions/28fcfe8a-5f17-4c54-a3db-14d00d3392c0/resourceGroups/kubernetes_rg/providers/Microsoft.Network/networkInterfaces/vmnicworker01.azure|/subscriptions/28fcfe8a-5f17-4c54-a3db-14d00d3392c0/resourceGroups/kubernetes_rg/providers/Microsoft.Network/networkSecurityGroups/sshtraffic",
            "network_interface_id": "/subscriptions/28fcfe8a-5f17-4c54-a3db-14d00d3392c0/resourceGroups/kubernetes_rg/providers/Microsoft.Network/networkInterfaces/vmnicworker01.azure",
            "network_security_group_id": "/subscriptions/28fcfe8a-5f17-4c54-a3db-14d00d3392c0/resourceGroups/kubernetes_rg/providers/Microsoft.Network/networkSecurityGroups/sshtraffic",
            "timeouts": null
          },
          "sensitive_attributes": [],
          "private": "eyJlMmJmYjczMC1lY2FhLTExZTYtOGY4OC0zNDM2M2JjN2M0YzAiOnsiY3JlYXRlIjoxODAwMDAwMDAwMDAwLCJkZWxldGUiOjE4MDAwMDAwMDAwMDAsInJlYWQiOjMwMDAwMDAwMDAwMCwidXBkYXRlIjoxODAwMDAwMDAwMDAwfX0=",
          "dependencies": [
            "azurerm_network_interface.myNic2",
            "azurerm_network_security_group.mySecGroup",
            "azurerm_public_ip.myPublicIp2",
            "azurerm_resource_group.rg",
            "azurerm_subnet.mySubnet",
            "azurerm_virtual_network.myNet"
          ]
        },
        {
          "index_key": 1,
          "schema_version": 0,
          "attributes": {
            "id": "/subscriptions/28fcfe8a-5f17-4c54-a3db-14d00d3392c0/resourceGroups/kubernetes_rg/providers/Microsoft.Network/networkInterfaces/vmnicworker02.azure|/subscriptions/28fcfe8a-5f17-4c54-a3db-14d00d3392c0/resourceGroups/kubernetes_rg/providers/Microsoft.Network/networkSecurityGroups/sshtraffic",
            "network_interface_id": "/subscriptions/28fcfe8a-5f17-4c54-a3db-14d00d3392c0/resourceGroups/kubernetes_rg/providers/Microsoft.Network/networkInterfaces/vmnicworker02.azure",
            "network_security_group_id": "/subscriptions/28fcfe8a-5f17-4c54-a3db-14d00d3392c0/resourceGroups/kubernetes_rg/providers/Microsoft.Network/networkSecurityGroups/sshtraffic",
            "timeouts": null
          },
          "sensitive_attributes": [],
          "private": "eyJlMmJmYjczMC1lY2FhLTExZTYtOGY4OC0zNDM2M2JjN2M0YzAiOnsiY3JlYXRlIjoxODAwMDAwMDAwMDAwLCJkZWxldGUiOjE4MDAwMDAwMDAwMDAsInJlYWQiOjMwMDAwMDAwMDAwMCwidXBkYXRlIjoxODAwMDAwMDAwMDAwfX0=",
          "dependencies": [
            "azurerm_network_interface.myNic2",
            "azurerm_network_security_group.mySecGroup",
            "azurerm_public_ip.myPublicIp2",
            "azurerm_resource_group.rg",
            "azurerm_subnet.mySubnet",
            "azurerm_virtual_network.myNet"
          ]
        },
        {
          "index_key": 2,
          "schema_version": 0,
          "attributes": {
            "id": "/subscriptions/28fcfe8a-5f17-4c54-a3db-14d00d3392c0/resourceGroups/kubernetes_rg/providers/Microsoft.Network/networkInterfaces/vmnicnfs.azure|/subscriptions/28fcfe8a-5f17-4c54-a3db-14d00d3392c0/resourceGroups/kubernetes_rg/providers/Microsoft.Network/networkSecurityGroups/sshtraffic",
            "network_interface_id": "/subscriptions/28fcfe8a-5f17-4c54-a3db-14d00d3392c0/resourceGroups/kubernetes_rg/providers/Microsoft.Network/networkInterfaces/vmnicnfs.azure",
            "network_security_group_id": "/subscriptions/28fcfe8a-5f17-4c54-a3db-14d00d3392c0/resourceGroups/kubernetes_rg/providers/Microsoft.Network/networkSecurityGroups/sshtraffic",
            "timeouts": null
          },
          "sensitive_attributes": [],
          "private": "eyJlMmJmYjczMC1lY2FhLTExZTYtOGY4OC0zNDM2M2JjN2M0YzAiOnsiY3JlYXRlIjoxODAwMDAwMDAwMDAwLCJkZWxldGUiOjE4MDAwMDAwMDAwMDAsInJlYWQiOjMwMDAwMDAwMDAwMCwidXBkYXRlIjoxODAwMDAwMDAwMDAwfX0=",
          "dependencies": [
            "azurerm_network_interface.myNic2",
            "azurerm_network_security_group.mySecGroup",
            "azurerm_public_ip.myPublicIp2",
            "azurerm_resource_group.rg",
            "azurerm_subnet.mySubnet",
            "azurerm_virtual_network.myNet"
          ]
        }
      ]
    },
    {
      "mode": "managed",
      "type": "azurerm_network_security_group",
      "name": "mySecGroup",
      "provider": "provider[\"registry.terraform.io/hashicorp/azurerm\"]",
      "instances": [
        {
          "schema_version": 0,
          "attributes": {
            "id": "/subscriptions/28fcfe8a-5f17-4c54-a3db-14d00d3392c0/resourceGroups/kubernetes_rg/providers/Microsoft.Network/networkSecurityGroups/sshtraffic",
            "location": "westeurope",
            "name": "sshtraffic",
            "resource_group_name": "kubernetes_rg",
            "security_rule": [
              {
                "access": "Allow",
                "description": "",
                "destination_address_prefix": "*",
                "destination_address_prefixes": [],
                "destination_application_security_group_ids": [],
                "destination_port_range": "22",
                "destination_port_ranges": [],
                "direction": "Inbound",
                "name": "SSH",
                "priority": 1001,
                "protocol": "Tcp",
                "source_address_prefix": "*",
                "source_address_prefixes": [],
                "source_application_security_group_ids": [],
                "source_port_range": "*",
                "source_port_ranges": []
              }
            ],
            "tags": {
              "environment": "CP2"
            },
            "timeouts": null
          },
          "sensitive_attributes": [],
          "private": "eyJlMmJmYjczMC1lY2FhLTExZTYtOGY4OC0zNDM2M2JjN2M0YzAiOnsiY3JlYXRlIjoxODAwMDAwMDAwMDAwLCJkZWxldGUiOjE4MDAwMDAwMDAwMDAsInJlYWQiOjMwMDAwMDAwMDAwMCwidXBkYXRlIjoxODAwMDAwMDAwMDAwfX0=",
          "dependencies": [
            "azurerm_resource_group.rg"
          ]
        }
      ]
    },
    {
      "mode": "managed",
      "type": "azurerm_public_ip",
      "name": "myPublicIp1",
      "provider": "provider[\"registry.terraform.io/hashicorp/azurerm\"]",
      "instances": [
        {
          "index_key": 0,
          "schema_version": 0,
          "attributes": {
            "allocation_method": "Dynamic",
            "domain_name_label": null,
            "fqdn": null,
            "id": "/subscriptions/28fcfe8a-5f17-4c54-a3db-14d00d3392c0/resourceGroups/kubernetes_rg/providers/Microsoft.Network/publicIPAddresses/PublicIPmaster.azure",
            "idle_timeout_in_minutes": 4,
            "ip_address": "",
            "ip_version": "IPv4",
            "location": "westeurope",
            "name": "PublicIPmaster.azure",
            "public_ip_prefix_id": null,
            "resource_group_name": "kubernetes_rg",
            "reverse_fqdn": null,
            "sku": "Basic",
            "tags": {
              "environment": "CP2"
            },
            "timeouts": null,
            "zones": null
          },
          "sensitive_attributes": [],
          "private": "eyJlMmJmYjczMC1lY2FhLTExZTYtOGY4OC0zNDM2M2JjN2M0YzAiOnsiY3JlYXRlIjoxODAwMDAwMDAwMDAwLCJkZWxldGUiOjE4MDAwMDAwMDAwMDAsInJlYWQiOjMwMDAwMDAwMDAwMCwidXBkYXRlIjoxODAwMDAwMDAwMDAwfX0=",
          "dependencies": [
            "azurerm_resource_group.rg"
          ]
        }
      ]
    },
    {
      "mode": "managed",
      "type": "azurerm_public_ip",
      "name": "myPublicIp2",
      "provider": "provider[\"registry.terraform.io/hashicorp/azurerm\"]",
      "instances": [
        {
          "index_key": 0,
          "schema_version": 0,
          "attributes": {
            "allocation_method": "Dynamic",
            "domain_name_label": null,
            "fqdn": null,
            "id": "/subscriptions/28fcfe8a-5f17-4c54-a3db-14d00d3392c0/resourceGroups/kubernetes_rg/providers/Microsoft.Network/publicIPAddresses/PublicIPworker01.azure",
            "idle_timeout_in_minutes": 4,
            "ip_address": "",
            "ip_version": "IPv4",
            "location": "westeurope",
            "name": "PublicIPworker01.azure",
            "public_ip_prefix_id": null,
            "resource_group_name": "kubernetes_rg",
            "reverse_fqdn": null,
            "sku": "Basic",
            "tags": {
              "environment": "CP2"
            },
            "timeouts": null,
            "zones": null
          },
          "sensitive_attributes": [],
          "private": "eyJlMmJmYjczMC1lY2FhLTExZTYtOGY4OC0zNDM2M2JjN2M0YzAiOnsiY3JlYXRlIjoxODAwMDAwMDAwMDAwLCJkZWxldGUiOjE4MDAwMDAwMDAwMDAsInJlYWQiOjMwMDAwMDAwMDAwMCwidXBkYXRlIjoxODAwMDAwMDAwMDAwfX0=",
          "dependencies": [
            "azurerm_resource_group.rg"
          ]
        },
        {
          "index_key": 1,
          "schema_version": 0,
          "attributes": {
            "allocation_method": "Dynamic",
            "domain_name_label": null,
            "fqdn": null,
            "id": "/subscriptions/28fcfe8a-5f17-4c54-a3db-14d00d3392c0/resourceGroups/kubernetes_rg/providers/Microsoft.Network/publicIPAddresses/PublicIPworker02.azure",
            "idle_timeout_in_minutes": 4,
            "ip_address": "",
            "ip_version": "IPv4",
            "location": "westeurope",
            "name": "PublicIPworker02.azure",
            "public_ip_prefix_id": null,
            "resource_group_name": "kubernetes_rg",
            "reverse_fqdn": null,
            "sku": "Basic",
            "tags": {
              "environment": "CP2"
            },
            "timeouts": null,
            "zones": null
          },
          "sensitive_attributes": [],
          "private": "eyJlMmJmYjczMC1lY2FhLTExZTYtOGY4OC0zNDM2M2JjN2M0YzAiOnsiY3JlYXRlIjoxODAwMDAwMDAwMDAwLCJkZWxldGUiOjE4MDAwMDAwMDAwMDAsInJlYWQiOjMwMDAwMDAwMDAwMCwidXBkYXRlIjoxODAwMDAwMDAwMDAwfX0=",
          "dependencies": [
            "azurerm_resource_group.rg"
          ]
        },
        {
          "index_key": 2,
          "schema_version": 0,
          "attributes": {
            "allocation_method": "Dynamic",
            "domain_name_label": null,
            "fqdn": null,
            "id": "/subscriptions/28fcfe8a-5f17-4c54-a3db-14d00d3392c0/resourceGroups/kubernetes_rg/providers/Microsoft.Network/publicIPAddresses/PublicIPnfs.azure",
            "idle_timeout_in_minutes": 4,
            "ip_address": "",
            "ip_version": "IPv4",
            "location": "westeurope",
            "name": "PublicIPnfs.azure",
            "public_ip_prefix_id": null,
            "resource_group_name": "kubernetes_rg",
            "reverse_fqdn": null,
            "sku": "Basic",
            "tags": {
              "environment": "CP2"
            },
            "timeouts": null,
            "zones": null
          },
          "sensitive_attributes": [],
          "private": "eyJlMmJmYjczMC1lY2FhLTExZTYtOGY4OC0zNDM2M2JjN2M0YzAiOnsiY3JlYXRlIjoxODAwMDAwMDAwMDAwLCJkZWxldGUiOjE4MDAwMDAwMDAwMDAsInJlYWQiOjMwMDAwMDAwMDAwMCwidXBkYXRlIjoxODAwMDAwMDAwMDAwfX0=",
          "dependencies": [
            "azurerm_resource_group.rg"
          ]
        }
      ]
    },
    {
      "mode": "managed",
      "type": "azurerm_resource_group",
      "name": "rg",
      "provider": "provider[\"registry.terraform.io/hashicorp/azurerm\"]",
      "instances": [
        {
          "schema_version": 0,
          "attributes": {
            "id": "/subscriptions/28fcfe8a-5f17-4c54-a3db-14d00d3392c0/resourceGroups/kubernetes_rg",
            "location": "westeurope",
            "name": "kubernetes_rg",
            "tags": {
              "environment": "CP2"
            },
            "timeouts": null
          },
          "sensitive_attributes": [],
          "private": "eyJlMmJmYjczMC1lY2FhLTExZTYtOGY4OC0zNDM2M2JjN2M0YzAiOnsiY3JlYXRlIjo1NDAwMDAwMDAwMDAwLCJkZWxldGUiOjU0MDAwMDAwMDAwMDAsInJlYWQiOjMwMDAwMDAwMDAwMCwidXBkYXRlIjo1NDAwMDAwMDAwMDAwfX0="
        }
      ]
    },
    {
      "mode": "managed",
      "type": "azurerm_storage_account",
      "name": "stAccount",
      "provider": "provider[\"registry.terraform.io/hashicorp/azurerm\"]",
      "instances": [
        {
          "schema_version": 2,
          "attributes": {
            "access_tier": "Hot",
            "account_kind": "StorageV2",
            "account_replication_type": "LRS",
            "account_tier": "Standard",
            "allow_blob_public_access": false,
            "blob_properties": [],
            "custom_domain": [],
            "enable_https_traffic_only": true,
            "id": "/subscriptions/28fcfe8a-5f17-4c54-a3db-14d00d3392c0/resourceGroups/kubernetes_rg/providers/Microsoft.Storage/storageAccounts/storageaccountgabgua",
            "identity": [],
            "is_hns_enabled": false,
            "large_file_share_enabled": null,
            "location": "westeurope",
            "min_tls_version": "TLS1_0",
            "name": "storageaccountgabgua",
            "network_rules": [
              {
                "bypass": [
                  "AzureServices"
                ],
                "default_action": "Allow",
                "ip_rules": [],
                "virtual_network_subnet_ids": []
              }
            ],
            "primary_access_key": "ETu3CSjEY2JeLCHoZB6uCE60urzGIpBhJwEZZ/ELfoSwbU5/GFBIPkUle6a+CGxfCvSZtYKfsx1wH662PWkuwQ==",
            "primary_blob_connection_string": "DefaultEndpointsProtocol=https;BlobEndpoint=https://storageaccountgabgua.blob.core.windows.net/;AccountName=storageaccountgabgua;AccountKey=ETu3CSjEY2JeLCHoZB6uCE60urzGIpBhJwEZZ/ELfoSwbU5/GFBIPkUle6a+CGxfCvSZtYKfsx1wH662PWkuwQ==",
            "primary_blob_endpoint": "https://storageaccountgabgua.blob.core.windows.net/",
            "primary_blob_host": "storageaccountgabgua.blob.core.windows.net",
            "primary_connection_string": "DefaultEndpointsProtocol=https;AccountName=storageaccountgabgua;AccountKey=ETu3CSjEY2JeLCHoZB6uCE60urzGIpBhJwEZZ/ELfoSwbU5/GFBIPkUle6a+CGxfCvSZtYKfsx1wH662PWkuwQ==;EndpointSuffix=core.windows.net",
            "primary_dfs_endpoint": "https://storageaccountgabgua.dfs.core.windows.net/",
            "primary_dfs_host": "storageaccountgabgua.dfs.core.windows.net",
            "primary_file_endpoint": "https://storageaccountgabgua.file.core.windows.net/",
            "primary_file_host": "storageaccountgabgua.file.core.windows.net",
            "primary_location": "westeurope",
            "primary_queue_endpoint": "https://storageaccountgabgua.queue.core.windows.net/",
            "primary_queue_host": "storageaccountgabgua.queue.core.windows.net",
            "primary_table_endpoint": "https://storageaccountgabgua.table.core.windows.net/",
            "primary_table_host": "storageaccountgabgua.table.core.windows.net",
            "primary_web_endpoint": "https://storageaccountgabgua.z6.web.core.windows.net/",
            "primary_web_host": "storageaccountgabgua.z6.web.core.windows.net",
            "queue_properties": [
              {
                "cors_rule": [],
                "hour_metrics": [
                  {
                    "enabled": true,
                    "include_apis": true,
                    "retention_policy_days": 7,
                    "version": "1.0"
                  }
                ],
                "logging": [
                  {
                    "delete": false,
                    "read": false,
                    "retention_policy_days": 0,
                    "version": "1.0",
                    "write": false
                  }
                ],
                "minute_metrics": [
                  {
                    "enabled": false,
                    "include_apis": false,
                    "retention_policy_days": 0,
                    "version": "1.0"
                  }
                ]
              }
            ],
            "resource_group_name": "kubernetes_rg",
            "secondary_access_key": "vgVolPS7sNRddG1thmqZG+iahTjcvDD0gbpOqRm8qv3Swxr3EjQTdGQrJkeW70rX2FuSfwcTRwemSApL1bLKtw==",
            "secondary_blob_connection_string": "",
            "secondary_blob_endpoint": null,
            "secondary_blob_host": null,
            "secondary_connection_string": "DefaultEndpointsProtocol=https;AccountName=storageaccountgabgua;AccountKey=vgVolPS7sNRddG1thmqZG+iahTjcvDD0gbpOqRm8qv3Swxr3EjQTdGQrJkeW70rX2FuSfwcTRwemSApL1bLKtw==;EndpointSuffix=core.windows.net",
            "secondary_dfs_endpoint": null,
            "secondary_dfs_host": null,
            "secondary_file_endpoint": null,
            "secondary_file_host": null,
            "secondary_location": "",
            "secondary_queue_endpoint": null,
            "secondary_queue_host": null,
            "secondary_table_endpoint": null,
            "secondary_table_host": null,
            "secondary_web_endpoint": null,
            "secondary_web_host": null,
            "static_website": [],
            "tags": {
              "environment": "CP2"
            },
            "timeouts": null
          },
          "sensitive_attributes": [],
          "private": "eyJlMmJmYjczMC1lY2FhLTExZTYtOGY4OC0zNDM2M2JjN2M0YzAiOnsiY3JlYXRlIjozNjAwMDAwMDAwMDAwLCJkZWxldGUiOjM2MDAwMDAwMDAwMDAsInJlYWQiOjMwMDAwMDAwMDAwMCwidXBkYXRlIjozNjAwMDAwMDAwMDAwfSwic2NoZW1hX3ZlcnNpb24iOiIyIn0=",
          "dependencies": [
            "azurerm_resource_group.rg"
          ]
        }
      ]
    },
    {
      "mode": "managed",
      "type": "azurerm_subnet",
      "name": "mySubnet",
      "provider": "provider[\"registry.terraform.io/hashicorp/azurerm\"]",
      "instances": [
        {
          "schema_version": 0,
          "attributes": {
            "address_prefix": "10.0.1.0/24",
            "address_prefixes": [
              "10.0.1.0/24"
            ],
            "delegation": [],
            "enforce_private_link_endpoint_network_policies": false,
            "enforce_private_link_service_network_policies": false,
            "id": "/subscriptions/28fcfe8a-5f17-4c54-a3db-14d00d3392c0/resourceGroups/kubernetes_rg/providers/Microsoft.Network/virtualNetworks/kubernetesnet/subnets/terraformsubnet",
            "name": "terraformsubnet",
            "resource_group_name": "kubernetes_rg",
            "service_endpoint_policy_ids": null,
            "service_endpoints": null,
            "timeouts": null,
            "virtual_network_name": "kubernetesnet"
          },
          "sensitive_attributes": [],
          "private": "eyJlMmJmYjczMC1lY2FhLTExZTYtOGY4OC0zNDM2M2JjN2M0YzAiOnsiY3JlYXRlIjoxODAwMDAwMDAwMDAwLCJkZWxldGUiOjE4MDAwMDAwMDAwMDAsInJlYWQiOjMwMDAwMDAwMDAwMCwidXBkYXRlIjoxODAwMDAwMDAwMDAwfX0=",
          "dependencies": [
            "azurerm_resource_group.rg",
            "azurerm_virtual_network.myNet"
          ]
        }
      ]
    },
    {
      "mode": "managed",
      "type": "azurerm_virtual_network",
      "name": "myNet",
      "provider": "provider[\"registry.terraform.io/hashicorp/azurerm\"]",
      "instances": [
        {
          "schema_version": 0,
          "attributes": {
            "address_space": [
              "10.0.0.0/16"
            ],
            "bgp_community": "",
            "ddos_protection_plan": [],
            "dns_servers": null,
            "guid": "f341e77e-c8ca-46c4-91cb-831af630706e",
            "id": "/subscriptions/28fcfe8a-5f17-4c54-a3db-14d00d3392c0/resourceGroups/kubernetes_rg/providers/Microsoft.Network/virtualNetworks/kubernetesnet",
            "location": "westeurope",
            "name": "kubernetesnet",
            "resource_group_name": "kubernetes_rg",
            "subnet": [],
            "tags": {
              "environment": "CP2"
            },
            "timeouts": null,
            "vm_protection_enabled": false
          },
          "sensitive_attributes": [],
          "private": "eyJlMmJmYjczMC1lY2FhLTExZTYtOGY4OC0zNDM2M2JjN2M0YzAiOnsiY3JlYXRlIjoxODAwMDAwMDAwMDAwLCJkZWxldGUiOjE4MDAwMDAwMDAwMDAsInJlYWQiOjMwMDAwMDAwMDAwMCwidXBkYXRlIjoxODAwMDAwMDAwMDAwfX0=",
          "dependencies": [
            "azurerm_resource_group.rg"
          ]
        }
      ]
    }
  ]
}
