{
  "version": 4,
  "terraform_version": "1.0.2",
  "serial": 385,
  "lineage": "23985d50-8c39-e79a-c535-db5fc9c64517",
  "outputs": {},
  "resources": [
    {
      "mode": "managed",
      "type": "azurerm_linux_virtual_machine",
      "name": "myVMB2s",
      "provider": "provider[\"registry.terraform.io/hashicorp/azurerm\"]",
      "instances": [
        {
          "index_key": 0,
          "schema_version": 0,
          "attributes": {
            "additional_capabilities": [],
            "admin_password": null,
            "admin_ssh_key": [
              {
                "public_key": "ssh-rsa AAAAB3NzaC1yc2EAAAADAQABAAABgQDIgqnP7594ZkNFulBUJ+Lu8bmv3y/L1X5wqL/2bpMUp9MWhQ2jghOzLOlsVxwlBkEzCx+scBaFpNsKqowB2dLt2x+bgKyD3LQnAQIbHyi4MdjXQRXZ1sXFuOF8fvT38itopLkytVSri43AU0+3WHrlV7EbZHo8u4BW+wZ5p07cZ5RmlBu/Luhea1v4Q7+COERK7lBURhXWyvIFNCyxRpeHvEUOPtO4BErxSBfeK70NqEooNPBA6/wxxcOuWFTHLHD/NO7KNANF+PgoeSUiyjwMIDt7HFBmtQH3ST7yPjjsn7rGLqMQNV8DRQWhMlOYP8DJWsKFymh5E2+yM/3azjZoJrtbvgqHBzuXL2VdRS0l0Cd3HqDcZaSxrTH2Hx2XAfmvnF1RrW/Y6n4CczQMKxLTkBFs/JVdi0jI1epZ90L1berPJSywozVNCNE2JMeKqE/tkBor4SLK/5lT7mvGbnOD4mNkLslkYA0/aD36Gkd8yl047c2FcKQceai52fguWQE= guarino@MADESGGOWE10P1\n",
                "username": "adminUsername"
              }
            ],
            "admin_username": "adminUsername",
            "allow_extension_operations": true,
            "availability_set_id": "",
            "boot_diagnostics": [
              {
                "storage_account_uri": "https://storageaccountgabgua.blob.core.windows.net/"
              }
            ],
            "computer_name": "master",
            "custom_data": null,
            "dedicated_host_id": "",
            "disable_password_authentication": true,
            "encryption_at_host_enabled": false,
            "eviction_policy": "",
            "extensions_time_budget": "PT1H30M",
            "id": "/subscriptions/28fcfe8a-5f17-4c54-a3db-14d00d3392c0/resourceGroups/kubernetes_rg/providers/Microsoft.Compute/virtualMachines/master",
            "identity": [],
            "location": "westeurope",
            "max_bid_price": -1,
            "name": "master",
            "network_interface_ids": [
              "/subscriptions/28fcfe8a-5f17-4c54-a3db-14d00d3392c0/resourceGroups/kubernetes_rg/providers/Microsoft.Network/networkInterfaces/vmnicmaster"
            ],
            "os_disk": [
              {
                "caching": "ReadWrite",
                "diff_disk_settings": [],
                "disk_encryption_set_id": "",
                "disk_size_gb": 30,
                "name": "master_OsDisk_1_09ab36e6415a455ca1abb511f2b7daf2",
                "storage_account_type": "Standard_LRS",
                "write_accelerator_enabled": false
              }
            ],
            "plan": [
              {
                "name": "centos-8-stream-free",
                "product": "centos-8-stream-free",
                "publisher": "cognosys"
              }
            ],
            "priority": "Regular",
            "private_ip_address": "10.0.1.10",
            "private_ip_addresses": [
              "10.0.1.10"
            ],
            "provision_vm_agent": true,
            "proximity_placement_group_id": "",
            "public_ip_address": "52.178.98.88",
            "public_ip_addresses": [
              "52.178.98.88"
            ],
            "resource_group_name": "kubernetes_rg",
            "secret": [],
            "size": "Standard_B2s",
            "source_image_id": "",
            "source_image_reference": [
              {
                "offer": "centos-8-stream-free",
                "publisher": "cognosys",
                "sku": "centos-8-stream-free",
                "version": "1.2019.0810"
              }
            ],
            "tags": {
              "environment": "CP2"
            },
            "timeouts": null,
            "virtual_machine_id": "b0f4b832-8443-419e-9bc9-939fa3a73306",
            "virtual_machine_scale_set_id": "",
            "zone": ""
          },
          "sensitive_attributes": [],
          "private": "eyJlMmJmYjczMC1lY2FhLTExZTYtOGY4OC0zNDM2M2JjN2M0YzAiOnsiY3JlYXRlIjoyNzAwMDAwMDAwMDAwLCJkZWxldGUiOjI3MDAwMDAwMDAwMDAsInJlYWQiOjMwMDAwMDAwMDAwMCwidXBkYXRlIjoyNzAwMDAwMDAwMDAwfX0=",
          "dependencies": [
            "azurerm_network_interface.myNic1",
            "azurerm_public_ip.myPublicIp1",
            "azurerm_resource_group.rg",
            "azurerm_storage_account.stAccount",
            "azurerm_subnet.mySubnet",
            "azurerm_virtual_network.myNet"
          ]
        }
      ]
    },
    {
      "mode": "managed",
      "type": "azurerm_linux_virtual_machine",
      "name": "myVMBD1_v2",
      "provider": "provider[\"registry.terraform.io/hashicorp/azurerm\"]",
      "instances": [
        {
          "index_key": 0,
          "schema_version": 0,
          "attributes": {
            "additional_capabilities": [],
            "admin_password": null,
            "admin_ssh_key": [
              {
                "public_key": "ssh-rsa AAAAB3NzaC1yc2EAAAADAQABAAABgQDIgqnP7594ZkNFulBUJ+Lu8bmv3y/L1X5wqL/2bpMUp9MWhQ2jghOzLOlsVxwlBkEzCx+scBaFpNsKqowB2dLt2x+bgKyD3LQnAQIbHyi4MdjXQRXZ1sXFuOF8fvT38itopLkytVSri43AU0+3WHrlV7EbZHo8u4BW+wZ5p07cZ5RmlBu/Luhea1v4Q7+COERK7lBURhXWyvIFNCyxRpeHvEUOPtO4BErxSBfeK70NqEooNPBA6/wxxcOuWFTHLHD/NO7KNANF+PgoeSUiyjwMIDt7HFBmtQH3ST7yPjjsn7rGLqMQNV8DRQWhMlOYP8DJWsKFymh5E2+yM/3azjZoJrtbvgqHBzuXL2VdRS0l0Cd3HqDcZaSxrTH2Hx2XAfmvnF1RrW/Y6n4CczQMKxLTkBFs/JVdi0jI1epZ90L1berPJSywozVNCNE2JMeKqE/tkBor4SLK/5lT7mvGbnOD4mNkLslkYA0/aD36Gkd8yl047c2FcKQceai52fguWQE= guarino@MADESGGOWE10P1\n",
                "username": "adminUsername"
              }
            ],
            "admin_username": "adminUsername",
            "allow_extension_operations": true,
            "availability_set_id": "",
            "boot_diagnostics": [
              {
                "storage_account_uri": "https://storageaccountgabgua.blob.core.windows.net/"
              }
            ],
            "computer_name": "worker01",
            "custom_data": null,
            "dedicated_host_id": "",
            "disable_password_authentication": true,
            "encryption_at_host_enabled": false,
            "eviction_policy": "",
            "extensions_time_budget": "PT1H30M",
            "id": "/subscriptions/28fcfe8a-5f17-4c54-a3db-14d00d3392c0/resourceGroups/kubernetes_rg/providers/Microsoft.Compute/virtualMachines/worker01",
            "identity": [],
            "location": "westeurope",
            "max_bid_price": -1,
            "name": "worker01",
            "network_interface_ids": [
              "/subscriptions/28fcfe8a-5f17-4c54-a3db-14d00d3392c0/resourceGroups/kubernetes_rg/providers/Microsoft.Network/networkInterfaces/vmnicworker01"
            ],
            "os_disk": [
              {
                "caching": "ReadWrite",
                "diff_disk_settings": [],
                "disk_encryption_set_id": "",
                "disk_size_gb": 30,
                "name": "worker01_OsDisk_1_8c9925b80f694bff8a053ee8befefaf0",
                "storage_account_type": "Standard_LRS",
                "write_accelerator_enabled": false
              }
            ],
            "plan": [
              {
                "name": "centos-8-stream-free",
                "product": "centos-8-stream-free",
                "publisher": "cognosys"
              }
            ],
            "priority": "Regular",
            "private_ip_address": "10.0.1.20",
            "private_ip_addresses": [
              "10.0.1.20"
            ],
            "provision_vm_agent": true,
            "proximity_placement_group_id": "",
            "public_ip_address": "52.178.99.53",
            "public_ip_addresses": [
              "52.178.99.53"
            ],
            "resource_group_name": "kubernetes_rg",
            "secret": [],
            "size": "Standard_DS1_v2",
            "source_image_id": "",
            "source_image_reference": [
              {
                "offer": "centos-8-stream-free",
                "publisher": "cognosys",
                "sku": "centos-8-stream-free",
                "version": "1.2019.0810"
              }
            ],
            "tags": {
              "environment": "CP2"
            },
            "timeouts": null,
            "virtual_machine_id": "1aea99d9-b646-41f8-b3b1-a38aafdf9e3b",
            "virtual_machine_scale_set_id": "",
            "zone": ""
          },
          "sensitive_attributes": [],
          "private": "eyJlMmJmYjczMC1lY2FhLTExZTYtOGY4OC0zNDM2M2JjN2M0YzAiOnsiY3JlYXRlIjoyNzAwMDAwMDAwMDAwLCJkZWxldGUiOjI3MDAwMDAwMDAwMDAsInJlYWQiOjMwMDAwMDAwMDAwMCwidXBkYXRlIjoyNzAwMDAwMDAwMDAwfX0=",
          "dependencies": [
            "azurerm_resource_group.rg",
            "azurerm_storage_account.stAccount",
            "azurerm_subnet.mySubnet",
            "azurerm_virtual_network.myNet",
            "azurerm_network_interface.myNic2",
            "azurerm_public_ip.myPublicIp2"
          ]
        },
        {
          "index_key": 1,
          "schema_version": 0,
          "attributes": {
            "additional_capabilities": [],
            "admin_password": null,
            "admin_ssh_key": [
              {
                "public_key": "ssh-rsa AAAAB3NzaC1yc2EAAAADAQABAAABgQDIgqnP7594ZkNFulBUJ+Lu8bmv3y/L1X5wqL/2bpMUp9MWhQ2jghOzLOlsVxwlBkEzCx+scBaFpNsKqowB2dLt2x+bgKyD3LQnAQIbHyi4MdjXQRXZ1sXFuOF8fvT38itopLkytVSri43AU0+3WHrlV7EbZHo8u4BW+wZ5p07cZ5RmlBu/Luhea1v4Q7+COERK7lBURhXWyvIFNCyxRpeHvEUOPtO4BErxSBfeK70NqEooNPBA6/wxxcOuWFTHLHD/NO7KNANF+PgoeSUiyjwMIDt7HFBmtQH3ST7yPjjsn7rGLqMQNV8DRQWhMlOYP8DJWsKFymh5E2+yM/3azjZoJrtbvgqHBzuXL2VdRS0l0Cd3HqDcZaSxrTH2Hx2XAfmvnF1RrW/Y6n4CczQMKxLTkBFs/JVdi0jI1epZ90L1berPJSywozVNCNE2JMeKqE/tkBor4SLK/5lT7mvGbnOD4mNkLslkYA0/aD36Gkd8yl047c2FcKQceai52fguWQE= guarino@MADESGGOWE10P1\n",
                "username": "adminUsername"
              }
            ],
            "admin_username": "adminUsername",
            "allow_extension_operations": true,
            "availability_set_id": "",
            "boot_diagnostics": [
              {
                "storage_account_uri": "https://storageaccountgabgua.blob.core.windows.net/"
              }
            ],
            "computer_name": "worker02",
            "custom_data": null,
            "dedicated_host_id": "",
            "disable_password_authentication": true,
            "encryption_at_host_enabled": false,
            "eviction_policy": "",
            "extensions_time_budget": "PT1H30M",
            "id": "/subscriptions/28fcfe8a-5f17-4c54-a3db-14d00d3392c0/resourceGroups/kubernetes_rg/providers/Microsoft.Compute/virtualMachines/worker02",
            "identity": [],
            "location": "westeurope",
            "max_bid_price": -1,
            "name": "worker02",
            "network_interface_ids": [
              "/subscriptions/28fcfe8a-5f17-4c54-a3db-14d00d3392c0/resourceGroups/kubernetes_rg/providers/Microsoft.Network/networkInterfaces/vmnicworker02"
            ],
            "os_disk": [
              {
                "caching": "ReadWrite",
                "diff_disk_settings": [],
                "disk_encryption_set_id": "",
                "disk_size_gb": 30,
                "name": "worker02_OsDisk_1_0dbfd4fdca444d57b656aa6f9d8816f4",
                "storage_account_type": "Standard_LRS",
                "write_accelerator_enabled": false
              }
            ],
            "plan": [
              {
                "name": "centos-8-stream-free",
                "product": "centos-8-stream-free",
                "publisher": "cognosys"
              }
            ],
            "priority": "Regular",
            "private_ip_address": "10.0.1.21",
            "private_ip_addresses": [
              "10.0.1.21"
            ],
            "provision_vm_agent": true,
            "proximity_placement_group_id": "",
            "public_ip_address": "52.178.99.212",
            "public_ip_addresses": [
              "52.178.99.212"
            ],
            "resource_group_name": "kubernetes_rg",
            "secret": [],
            "size": "Standard_DS1_v2",
            "source_image_id": "",
            "source_image_reference": [
              {
                "offer": "centos-8-stream-free",
                "publisher": "cognosys",
                "sku": "centos-8-stream-free",
                "version": "1.2019.0810"
              }
            ],
            "tags": {
              "environment": "CP2"
            },
            "timeouts": null,
            "virtual_machine_id": "35dc6e49-65cd-489b-8eda-72075ad0e689",
            "virtual_machine_scale_set_id": "",
            "zone": ""
          },
          "sensitive_attributes": [],
          "private": "eyJlMmJmYjczMC1lY2FhLTExZTYtOGY4OC0zNDM2M2JjN2M0YzAiOnsiY3JlYXRlIjoyNzAwMDAwMDAwMDAwLCJkZWxldGUiOjI3MDAwMDAwMDAwMDAsInJlYWQiOjMwMDAwMDAwMDAwMCwidXBkYXRlIjoyNzAwMDAwMDAwMDAwfX0=",
          "dependencies": [
            "azurerm_network_interface.myNic2",
            "azurerm_public_ip.myPublicIp2",
            "azurerm_resource_group.rg",
            "azurerm_storage_account.stAccount",
            "azurerm_subnet.mySubnet",
            "azurerm_virtual_network.myNet"
          ]
        },
        {
          "index_key": 2,
          "schema_version": 0,
          "attributes": {
            "additional_capabilities": [],
            "admin_password": null,
            "admin_ssh_key": [
              {
                "public_key": "ssh-rsa AAAAB3NzaC1yc2EAAAADAQABAAABgQDIgqnP7594ZkNFulBUJ+Lu8bmv3y/L1X5wqL/2bpMUp9MWhQ2jghOzLOlsVxwlBkEzCx+scBaFpNsKqowB2dLt2x+bgKyD3LQnAQIbHyi4MdjXQRXZ1sXFuOF8fvT38itopLkytVSri43AU0+3WHrlV7EbZHo8u4BW+wZ5p07cZ5RmlBu/Luhea1v4Q7+COERK7lBURhXWyvIFNCyxRpeHvEUOPtO4BErxSBfeK70NqEooNPBA6/wxxcOuWFTHLHD/NO7KNANF+PgoeSUiyjwMIDt7HFBmtQH3ST7yPjjsn7rGLqMQNV8DRQWhMlOYP8DJWsKFymh5E2+yM/3azjZoJrtbvgqHBzuXL2VdRS0l0Cd3HqDcZaSxrTH2Hx2XAfmvnF1RrW/Y6n4CczQMKxLTkBFs/JVdi0jI1epZ90L1berPJSywozVNCNE2JMeKqE/tkBor4SLK/5lT7mvGbnOD4mNkLslkYA0/aD36Gkd8yl047c2FcKQceai52fguWQE= guarino@MADESGGOWE10P1\n",
                "username": "adminUsername"
              }
            ],
            "admin_username": "adminUsername",
            "allow_extension_operations": true,
            "availability_set_id": "",
            "boot_diagnostics": [
              {
                "storage_account_uri": "https://storageaccountgabgua.blob.core.windows.net/"
              }
            ],
            "computer_name": "nfs",
            "custom_data": null,
            "dedicated_host_id": "",
            "disable_password_authentication": true,
            "encryption_at_host_enabled": false,
            "eviction_policy": "",
            "extensions_time_budget": "PT1H30M",
            "id": "/subscriptions/28fcfe8a-5f17-4c54-a3db-14d00d3392c0/resourceGroups/kubernetes_rg/providers/Microsoft.Compute/virtualMachines/nfs",
            "identity": [],
            "location": "westeurope",
            "max_bid_price": -1,
            "name": "nfs",
            "network_interface_ids": [
              "/subscriptions/28fcfe8a-5f17-4c54-a3db-14d00d3392c0/resourceGroups/kubernetes_rg/providers/Microsoft.Network/networkInterfaces/vmnicnfs"
            ],
            "os_disk": [
              {
                "caching": "ReadWrite",
                "diff_disk_settings": [],
                "disk_encryption_set_id": "",
                "disk_size_gb": 30,
                "name": "nfs_OsDisk_1_5284b57eaab44654acb97ebf4fdf91f5",
                "storage_account_type": "Standard_LRS",
                "write_accelerator_enabled": false
              }
            ],
            "plan": [
              {
                "name": "centos-8-stream-free",
                "product": "centos-8-stream-free",
                "publisher": "cognosys"
              }
            ],
            "priority": "Regular",
            "private_ip_address": "10.0.1.22",
            "private_ip_addresses": [
              "10.0.1.22"
            ],
            "provision_vm_agent": true,
            "proximity_placement_group_id": "",
            "public_ip_address": "52.178.98.221",
            "public_ip_addresses": [
              "52.178.98.221"
            ],
            "resource_group_name": "kubernetes_rg",
            "secret": [],
            "size": "Standard_DS1_v2",
            "source_image_id": "",
            "source_image_reference": [
              {
                "offer": "centos-8-stream-free",
                "publisher": "cognosys",
                "sku": "centos-8-stream-free",
                "version": "1.2019.0810"
              }
            ],
            "tags": {
              "environment": "CP2"
            },
            "timeouts": null,
            "virtual_machine_id": "05266578-1c2e-4e06-9b5b-06c55b213199",
            "virtual_machine_scale_set_id": "",
            "zone": ""
          },
          "sensitive_attributes": [],
          "private": "eyJlMmJmYjczMC1lY2FhLTExZTYtOGY4OC0zNDM2M2JjN2M0YzAiOnsiY3JlYXRlIjoyNzAwMDAwMDAwMDAwLCJkZWxldGUiOjI3MDAwMDAwMDAwMDAsInJlYWQiOjMwMDAwMDAwMDAwMCwidXBkYXRlIjoyNzAwMDAwMDAwMDAwfX0=",
          "dependencies": [
            "azurerm_public_ip.myPublicIp2",
            "azurerm_resource_group.rg",
            "azurerm_storage_account.stAccount",
            "azurerm_subnet.mySubnet",
            "azurerm_virtual_network.myNet",
            "azurerm_network_interface.myNic2"
          ]
        }
      ]
    },
    {
      "mode": "managed",
      "type": "azurerm_network_interface",
      "name": "myNic1",
      "provider": "provider[\"registry.terraform.io/hashicorp/azurerm\"]",
      "instances": [
        {
          "index_key": 0,
          "schema_version": 0,
          "attributes": {
            "applied_dns_servers": [],
            "dns_servers": [],
            "enable_accelerated_networking": false,
            "enable_ip_forwarding": false,
            "id": "/subscriptions/28fcfe8a-5f17-4c54-a3db-14d00d3392c0/resourceGroups/kubernetes_rg/providers/Microsoft.Network/networkInterfaces/vmnicmaster",
            "internal_dns_name_label": "",
            "internal_domain_name_suffix": "e4pnwffonozebj0d4pdcsi5fed.ax.internal.cloudapp.net",
            "ip_configuration": [
              {
                "name": "myipconfigurationmaster",
                "primary": true,
                "private_ip_address": "10.0.1.10",
                "private_ip_address_allocation": "Static",
                "private_ip_address_version": "IPv4",
                "public_ip_address_id": "/subscriptions/28fcfe8a-5f17-4c54-a3db-14d00d3392c0/resourceGroups/kubernetes_rg/providers/Microsoft.Network/publicIPAddresses/PublicIPmaster",
                "subnet_id": "/subscriptions/28fcfe8a-5f17-4c54-a3db-14d00d3392c0/resourceGroups/kubernetes_rg/providers/Microsoft.Network/virtualNetworks/kubernetesnet/subnets/terraformsubnet"
              }
            ],
            "location": "westeurope",
            "mac_address": "00-0D-3A-24-E2-2A",
            "name": "vmnicmaster",
            "private_ip_address": "10.0.1.10",
            "private_ip_addresses": [
              "10.0.1.10"
            ],
            "resource_group_name": "kubernetes_rg",
            "tags": {
              "environment": "CP2"
            },
            "timeouts": null,
            "virtual_machine_id": "/subscriptions/28fcfe8a-5f17-4c54-a3db-14d00d3392c0/resourceGroups/kubernetes_rg/providers/Microsoft.Compute/virtualMachines/master"
          },
          "sensitive_attributes": [],
          "private": "eyJlMmJmYjczMC1lY2FhLTExZTYtOGY4OC0zNDM2M2JjN2M0YzAiOnsiY3JlYXRlIjoxODAwMDAwMDAwMDAwLCJkZWxldGUiOjE4MDAwMDAwMDAwMDAsInJlYWQiOjMwMDAwMDAwMDAwMCwidXBkYXRlIjoxODAwMDAwMDAwMDAwfX0=",
          "dependencies": [
            "azurerm_public_ip.myPublicIp1",
            "azurerm_resource_group.rg",
            "azurerm_subnet.mySubnet",
            "azurerm_virtual_network.myNet"
          ]
        }
      ]
    },
    {
      "mode": "managed",
      "type": "azurerm_network_interface",
      "name": "myNic2",
      "provider": "provider[\"registry.terraform.io/hashicorp/azurerm\"]",
      "instances": [
        {
          "index_key": 0,
          "schema_version": 0,
          "attributes": {
            "applied_dns_servers": [],
            "dns_servers": [],
            "enable_accelerated_networking": false,
            "enable_ip_forwarding": false,
            "id": "/subscriptions/28fcfe8a-5f17-4c54-a3db-14d00d3392c0/resourceGroups/kubernetes_rg/providers/Microsoft.Network/networkInterfaces/vmnicworker01",
            "internal_dns_name_label": "",
            "internal_domain_name_suffix": "e4pnwffonozebj0d4pdcsi5fed.ax.internal.cloudapp.net",
            "ip_configuration": [
              {
                "name": "myipconfigurationworker01",
                "primary": true,
                "private_ip_address": "10.0.1.20",
                "private_ip_address_allocation": "Static",
                "private_ip_address_version": "IPv4",
                "public_ip_address_id": "/subscriptions/28fcfe8a-5f17-4c54-a3db-14d00d3392c0/resourceGroups/kubernetes_rg/providers/Microsoft.Network/publicIPAddresses/PublicIPworker01",
                "subnet_id": "/subscriptions/28fcfe8a-5f17-4c54-a3db-14d00d3392c0/resourceGroups/kubernetes_rg/providers/Microsoft.Network/virtualNetworks/kubernetesnet/subnets/terraformsubnet"
              }
            ],
            "location": "westeurope",
            "mac_address": "00-0D-3A-24-EF-78",
            "name": "vmnicworker01",
            "private_ip_address": "10.0.1.20",
            "private_ip_addresses": [
              "10.0.1.20"
            ],
            "resource_group_name": "kubernetes_rg",
            "tags": {
              "environment": "CP2"
            },
            "timeouts": null,
            "virtual_machine_id": "/subscriptions/28fcfe8a-5f17-4c54-a3db-14d00d3392c0/resourceGroups/kubernetes_rg/providers/Microsoft.Compute/virtualMachines/worker01"
          },
          "sensitive_attributes": [],
          "private": "eyJlMmJmYjczMC1lY2FhLTExZTYtOGY4OC0zNDM2M2JjN2M0YzAiOnsiY3JlYXRlIjoxODAwMDAwMDAwMDAwLCJkZWxldGUiOjE4MDAwMDAwMDAwMDAsInJlYWQiOjMwMDAwMDAwMDAwMCwidXBkYXRlIjoxODAwMDAwMDAwMDAwfX0=",
          "dependencies": [
            "azurerm_resource_group.rg",
            "azurerm_subnet.mySubnet",
            "azurerm_virtual_network.myNet",
            "azurerm_public_ip.myPublicIp2"
          ]
        },
        {
          "index_key": 1,
          "schema_version": 0,
          "attributes": {
            "applied_dns_servers": [],
            "dns_servers": [],
            "enable_accelerated_networking": false,
            "enable_ip_forwarding": false,
            "id": "/subscriptions/28fcfe8a-5f17-4c54-a3db-14d00d3392c0/resourceGroups/kubernetes_rg/providers/Microsoft.Network/networkInterfaces/vmnicworker02",
            "internal_dns_name_label": "",
            "internal_domain_name_suffix": "e4pnwffonozebj0d4pdcsi5fed.ax.internal.cloudapp.net",
            "ip_configuration": [
              {
                "name": "myipconfigurationworker02",
                "primary": true,
                "private_ip_address": "10.0.1.21",
                "private_ip_address_allocation": "Static",
                "private_ip_address_version": "IPv4",
                "public_ip_address_id": "/subscriptions/28fcfe8a-5f17-4c54-a3db-14d00d3392c0/resourceGroups/kubernetes_rg/providers/Microsoft.Network/publicIPAddresses/PublicIPworker02",
                "subnet_id": "/subscriptions/28fcfe8a-5f17-4c54-a3db-14d00d3392c0/resourceGroups/kubernetes_rg/providers/Microsoft.Network/virtualNetworks/kubernetesnet/subnets/terraformsubnet"
              }
            ],
            "location": "westeurope",
            "mac_address": "00-0D-3A-23-C5-DC",
            "name": "vmnicworker02",
            "private_ip_address": "10.0.1.21",
            "private_ip_addresses": [
              "10.0.1.21"
            ],
            "resource_group_name": "kubernetes_rg",
            "tags": {
              "environment": "CP2"
            },
            "timeouts": null,
            "virtual_machine_id": "/subscriptions/28fcfe8a-5f17-4c54-a3db-14d00d3392c0/resourceGroups/kubernetes_rg/providers/Microsoft.Compute/virtualMachines/worker02"
          },
          "sensitive_attributes": [],
          "private": "eyJlMmJmYjczMC1lY2FhLTExZTYtOGY4OC0zNDM2M2JjN2M0YzAiOnsiY3JlYXRlIjoxODAwMDAwMDAwMDAwLCJkZWxldGUiOjE4MDAwMDAwMDAwMDAsInJlYWQiOjMwMDAwMDAwMDAwMCwidXBkYXRlIjoxODAwMDAwMDAwMDAwfX0=",
          "dependencies": [
            "azurerm_resource_group.rg",
            "azurerm_subnet.mySubnet",
            "azurerm_virtual_network.myNet",
            "azurerm_public_ip.myPublicIp2"
          ]
        },
        {
          "index_key": 2,
          "schema_version": 0,
          "attributes": {
            "applied_dns_servers": [],
            "dns_servers": [],
            "enable_accelerated_networking": false,
            "enable_ip_forwarding": false,
            "id": "/subscriptions/28fcfe8a-5f17-4c54-a3db-14d00d3392c0/resourceGroups/kubernetes_rg/providers/Microsoft.Network/networkInterfaces/vmnicnfs",
            "internal_dns_name_label": "",
            "internal_domain_name_suffix": "e4pnwffonozebj0d4pdcsi5fed.ax.internal.cloudapp.net",
            "ip_configuration": [
              {
                "name": "myipconfigurationnfs",
                "primary": true,
                "private_ip_address": "10.0.1.22",
                "private_ip_address_allocation": "Static",
                "private_ip_address_version": "IPv4",
                "public_ip_address_id": "/subscriptions/28fcfe8a-5f17-4c54-a3db-14d00d3392c0/resourceGroups/kubernetes_rg/providers/Microsoft.Network/publicIPAddresses/PublicIPnfs",
                "subnet_id": "/subscriptions/28fcfe8a-5f17-4c54-a3db-14d00d3392c0/resourceGroups/kubernetes_rg/providers/Microsoft.Network/virtualNetworks/kubernetesnet/subnets/terraformsubnet"
              }
            ],
            "location": "westeurope",
            "mac_address": "00-0D-3A-24-E4-5F",
            "name": "vmnicnfs",
            "private_ip_address": "10.0.1.22",
            "private_ip_addresses": [
              "10.0.1.22"
            ],
            "resource_group_name": "kubernetes_rg",
            "tags": {
              "environment": "CP2"
            },
            "timeouts": null,
            "virtual_machine_id": "/subscriptions/28fcfe8a-5f17-4c54-a3db-14d00d3392c0/resourceGroups/kubernetes_rg/providers/Microsoft.Compute/virtualMachines/nfs"
          },
          "sensitive_attributes": [],
          "private": "eyJlMmJmYjczMC1lY2FhLTExZTYtOGY4OC0zNDM2M2JjN2M0YzAiOnsiY3JlYXRlIjoxODAwMDAwMDAwMDAwLCJkZWxldGUiOjE4MDAwMDAwMDAwMDAsInJlYWQiOjMwMDAwMDAwMDAwMCwidXBkYXRlIjoxODAwMDAwMDAwMDAwfX0=",
          "dependencies": [
            "azurerm_subnet.mySubnet",
            "azurerm_virtual_network.myNet",
            "azurerm_public_ip.myPublicIp2",
            "azurerm_resource_group.rg"
          ]
        }
      ]
    },
    {
      "mode": "managed",
      "type": "azurerm_network_interface_security_group_association",
      "name": "mySecGroupAssociation1",
      "provider": "provider[\"registry.terraform.io/hashicorp/azurerm\"]",
      "instances": [
        {
          "index_key": 0,
          "schema_version": 0,
          "attributes": {
            "id": "/subscriptions/28fcfe8a-5f17-4c54-a3db-14d00d3392c0/resourceGroups/kubernetes_rg/providers/Microsoft.Network/networkInterfaces/vmnicmaster|/subscriptions/28fcfe8a-5f17-4c54-a3db-14d00d3392c0/resourceGroups/kubernetes_rg/providers/Microsoft.Network/networkSecurityGroups/sshtraffic",
            "network_interface_id": "/subscriptions/28fcfe8a-5f17-4c54-a3db-14d00d3392c0/resourceGroups/kubernetes_rg/providers/Microsoft.Network/networkInterfaces/vmnicmaster",
            "network_security_group_id": "/subscriptions/28fcfe8a-5f17-4c54-a3db-14d00d3392c0/resourceGroups/kubernetes_rg/providers/Microsoft.Network/networkSecurityGroups/sshtraffic",
            "timeouts": null
          },
          "sensitive_attributes": [],
          "private": "eyJlMmJmYjczMC1lY2FhLTExZTYtOGY4OC0zNDM2M2JjN2M0YzAiOnsiY3JlYXRlIjoxODAwMDAwMDAwMDAwLCJkZWxldGUiOjE4MDAwMDAwMDAwMDAsInJlYWQiOjMwMDAwMDAwMDAwMCwidXBkYXRlIjoxODAwMDAwMDAwMDAwfX0=",
          "dependencies": [
            "azurerm_network_interface.myNic1",
            "azurerm_network_security_group.mySecGroup",
            "azurerm_public_ip.myPublicIp1",
            "azurerm_resource_group.rg",
            "azurerm_subnet.mySubnet",
            "azurerm_virtual_network.myNet"
          ]
        }
      ]
    },
    {
      "mode": "managed",
      "type": "azurerm_network_interface_security_group_association",
      "name": "mySecGroupAssociation2",
      "provider": "provider[\"registry.terraform.io/hashicorp/azurerm\"]",
      "instances": [
        {
          "index_key": 0,
          "schema_version": 0,
          "attributes": {
            "id": "/subscriptions/28fcfe8a-5f17-4c54-a3db-14d00d3392c0/resourceGroups/kubernetes_rg/providers/Microsoft.Network/networkInterfaces/vmnicworker01|/subscriptions/28fcfe8a-5f17-4c54-a3db-14d00d3392c0/resourceGroups/kubernetes_rg/providers/Microsoft.Network/networkSecurityGroups/sshtraffic",
            "network_interface_id": "/subscriptions/28fcfe8a-5f17-4c54-a3db-14d00d3392c0/resourceGroups/kubernetes_rg/providers/Microsoft.Network/networkInterfaces/vmnicworker01",
            "network_security_group_id": "/subscriptions/28fcfe8a-5f17-4c54-a3db-14d00d3392c0/resourceGroups/kubernetes_rg/providers/Microsoft.Network/networkSecurityGroups/sshtraffic",
            "timeouts": null
          },
          "sensitive_attributes": [],
          "private": "eyJlMmJmYjczMC1lY2FhLTExZTYtOGY4OC0zNDM2M2JjN2M0YzAiOnsiY3JlYXRlIjoxODAwMDAwMDAwMDAwLCJkZWxldGUiOjE4MDAwMDAwMDAwMDAsInJlYWQiOjMwMDAwMDAwMDAwMCwidXBkYXRlIjoxODAwMDAwMDAwMDAwfX0=",
          "dependencies": [
            "azurerm_virtual_network.myNet",
            "azurerm_network_interface.myNic2",
            "azurerm_network_security_group.mySecGroup",
            "azurerm_public_ip.myPublicIp2",
            "azurerm_resource_group.rg",
            "azurerm_subnet.mySubnet"
          ]
        },
        {
          "index_key": 1,
          "schema_version": 0,
          "attributes": {
            "id": "/subscriptions/28fcfe8a-5f17-4c54-a3db-14d00d3392c0/resourceGroups/kubernetes_rg/providers/Microsoft.Network/networkInterfaces/vmnicworker02|/subscriptions/28fcfe8a-5f17-4c54-a3db-14d00d3392c0/resourceGroups/kubernetes_rg/providers/Microsoft.Network/networkSecurityGroups/sshtraffic",
            "network_interface_id": "/subscriptions/28fcfe8a-5f17-4c54-a3db-14d00d3392c0/resourceGroups/kubernetes_rg/providers/Microsoft.Network/networkInterfaces/vmnicworker02",
            "network_security_group_id": "/subscriptions/28fcfe8a-5f17-4c54-a3db-14d00d3392c0/resourceGroups/kubernetes_rg/providers/Microsoft.Network/networkSecurityGroups/sshtraffic",
            "timeouts": null
          },
          "sensitive_attributes": [],
          "private": "eyJlMmJmYjczMC1lY2FhLTExZTYtOGY4OC0zNDM2M2JjN2M0YzAiOnsiY3JlYXRlIjoxODAwMDAwMDAwMDAwLCJkZWxldGUiOjE4MDAwMDAwMDAwMDAsInJlYWQiOjMwMDAwMDAwMDAwMCwidXBkYXRlIjoxODAwMDAwMDAwMDAwfX0=",
          "dependencies": [
            "azurerm_network_interface.myNic2",
            "azurerm_network_security_group.mySecGroup",
            "azurerm_public_ip.myPublicIp2",
            "azurerm_resource_group.rg",
            "azurerm_subnet.mySubnet",
            "azurerm_virtual_network.myNet"
          ]
        },
        {
          "index_key": 2,
          "schema_version": 0,
          "attributes": {
            "id": "/subscriptions/28fcfe8a-5f17-4c54-a3db-14d00d3392c0/resourceGroups/kubernetes_rg/providers/Microsoft.Network/networkInterfaces/vmnicnfs|/subscriptions/28fcfe8a-5f17-4c54-a3db-14d00d3392c0/resourceGroups/kubernetes_rg/providers/Microsoft.Network/networkSecurityGroups/sshtraffic",
            "network_interface_id": "/subscriptions/28fcfe8a-5f17-4c54-a3db-14d00d3392c0/resourceGroups/kubernetes_rg/providers/Microsoft.Network/networkInterfaces/vmnicnfs",
            "network_security_group_id": "/subscriptions/28fcfe8a-5f17-4c54-a3db-14d00d3392c0/resourceGroups/kubernetes_rg/providers/Microsoft.Network/networkSecurityGroups/sshtraffic",
            "timeouts": null
          },
          "sensitive_attributes": [],
          "private": "eyJlMmJmYjczMC1lY2FhLTExZTYtOGY4OC0zNDM2M2JjN2M0YzAiOnsiY3JlYXRlIjoxODAwMDAwMDAwMDAwLCJkZWxldGUiOjE4MDAwMDAwMDAwMDAsInJlYWQiOjMwMDAwMDAwMDAwMCwidXBkYXRlIjoxODAwMDAwMDAwMDAwfX0=",
          "dependencies": [
            "azurerm_network_security_group.mySecGroup",
            "azurerm_public_ip.myPublicIp2",
            "azurerm_resource_group.rg",
            "azurerm_subnet.mySubnet",
            "azurerm_virtual_network.myNet",
            "azurerm_network_interface.myNic2"
          ]
        }
      ]
    },
    {
      "mode": "managed",
      "type": "azurerm_network_security_group",
      "name": "mySecGroup",
      "provider": "provider[\"registry.terraform.io/hashicorp/azurerm\"]",
      "instances": [
        {
          "schema_version": 0,
          "attributes": {
            "id": "/subscriptions/28fcfe8a-5f17-4c54-a3db-14d00d3392c0/resourceGroups/kubernetes_rg/providers/Microsoft.Network/networkSecurityGroups/sshtraffic",
            "location": "westeurope",
            "name": "sshtraffic",
            "resource_group_name": "kubernetes_rg",
            "security_rule": [
              {
                "access": "Allow",
                "description": "",
                "destination_address_prefix": "*",
                "destination_address_prefixes": [],
                "destination_application_security_group_ids": [],
                "destination_port_range": "3389",
                "destination_port_ranges": [],
                "direction": "Inbound",
                "name": "RDP",
                "priority": 1002,
                "protocol": "Tcp",
                "source_address_prefix": "*",
                "source_address_prefixes": [],
                "source_application_security_group_ids": [],
                "source_port_range": "*",
                "source_port_ranges": []
              },
              {
                "access": "Allow",
                "description": null,
                "destination_address_prefix": "*",
                "destination_address_prefixes": [],
                "destination_application_security_group_ids": [],
                "destination_port_range": "22",
                "destination_port_ranges": [],
                "direction": "Inbound",
                "name": "SSH",
                "priority": 1001,
                "protocol": "Tcp",
                "source_address_prefix": "*",
                "source_address_prefixes": [],
                "source_application_security_group_ids": [],
                "source_port_range": "*",
                "source_port_ranges": []
              }
            ],
            "tags": {
              "environment": "CP2"
            },
            "timeouts": null
          },
          "sensitive_attributes": [],
          "private": "eyJlMmJmYjczMC1lY2FhLTExZTYtOGY4OC0zNDM2M2JjN2M0YzAiOnsiY3JlYXRlIjoxODAwMDAwMDAwMDAwLCJkZWxldGUiOjE4MDAwMDAwMDAwMDAsInJlYWQiOjMwMDAwMDAwMDAwMCwidXBkYXRlIjoxODAwMDAwMDAwMDAwfX0=",
          "dependencies": [
            "azurerm_resource_group.rg"
          ]
        }
      ]
    },
    {
      "mode": "managed",
      "type": "azurerm_public_ip",
      "name": "myPublicIp1",
      "provider": "provider[\"registry.terraform.io/hashicorp/azurerm\"]",
      "instances": [
        {
          "index_key": 0,
          "schema_version": 0,
          "attributes": {
            "allocation_method": "Dynamic",
            "domain_name_label": null,
            "fqdn": null,
            "id": "/subscriptions/28fcfe8a-5f17-4c54-a3db-14d00d3392c0/resourceGroups/kubernetes_rg/providers/Microsoft.Network/publicIPAddresses/PublicIPmaster",
            "idle_timeout_in_minutes": 4,
            "ip_address": "52.178.98.88",
            "ip_version": "IPv4",
            "location": "westeurope",
            "name": "PublicIPmaster",
            "public_ip_prefix_id": null,
            "resource_group_name": "kubernetes_rg",
            "reverse_fqdn": null,
            "sku": "Basic",
            "tags": {
              "environment": "CP2"
            },
            "timeouts": null,
            "zones": []
          },
          "sensitive_attributes": [],
          "private": "eyJlMmJmYjczMC1lY2FhLTExZTYtOGY4OC0zNDM2M2JjN2M0YzAiOnsiY3JlYXRlIjoxODAwMDAwMDAwMDAwLCJkZWxldGUiOjE4MDAwMDAwMDAwMDAsInJlYWQiOjMwMDAwMDAwMDAwMCwidXBkYXRlIjoxODAwMDAwMDAwMDAwfX0=",
          "dependencies": [
            "azurerm_resource_group.rg"
          ]
        }
      ]
    },
    {
      "mode": "managed",
      "type": "azurerm_public_ip",
      "name": "myPublicIp2",
      "provider": "provider[\"registry.terraform.io/hashicorp/azurerm\"]",
      "instances": [
        {
          "index_key": 0,
          "schema_version": 0,
          "attributes": {
            "allocation_method": "Dynamic",
            "domain_name_label": null,
            "fqdn": null,
            "id": "/subscriptions/28fcfe8a-5f17-4c54-a3db-14d00d3392c0/resourceGroups/kubernetes_rg/providers/Microsoft.Network/publicIPAddresses/PublicIPworker01",
            "idle_timeout_in_minutes": 4,
            "ip_address": "52.178.99.53",
            "ip_version": "IPv4",
            "location": "westeurope",
            "name": "PublicIPworker01",
            "public_ip_prefix_id": null,
            "resource_group_name": "kubernetes_rg",
            "reverse_fqdn": null,
            "sku": "Basic",
            "tags": {
              "environment": "CP2"
            },
            "timeouts": null,
            "zones": []
          },
          "sensitive_attributes": [],
          "private": "eyJlMmJmYjczMC1lY2FhLTExZTYtOGY4OC0zNDM2M2JjN2M0YzAiOnsiY3JlYXRlIjoxODAwMDAwMDAwMDAwLCJkZWxldGUiOjE4MDAwMDAwMDAwMDAsInJlYWQiOjMwMDAwMDAwMDAwMCwidXBkYXRlIjoxODAwMDAwMDAwMDAwfX0=",
          "dependencies": [
            "azurerm_resource_group.rg"
          ]
        },
        {
          "index_key": 1,
          "schema_version": 0,
          "attributes": {
            "allocation_method": "Dynamic",
            "domain_name_label": null,
            "fqdn": null,
            "id": "/subscriptions/28fcfe8a-5f17-4c54-a3db-14d00d3392c0/resourceGroups/kubernetes_rg/providers/Microsoft.Network/publicIPAddresses/PublicIPworker02",
            "idle_timeout_in_minutes": 4,
            "ip_address": "52.178.99.212",
            "ip_version": "IPv4",
            "location": "westeurope",
            "name": "PublicIPworker02",
            "public_ip_prefix_id": null,
            "resource_group_name": "kubernetes_rg",
            "reverse_fqdn": null,
            "sku": "Basic",
            "tags": {
              "environment": "CP2"
            },
            "timeouts": null,
            "zones": []
          },
          "sensitive_attributes": [],
          "private": "eyJlMmJmYjczMC1lY2FhLTExZTYtOGY4OC0zNDM2M2JjN2M0YzAiOnsiY3JlYXRlIjoxODAwMDAwMDAwMDAwLCJkZWxldGUiOjE4MDAwMDAwMDAwMDAsInJlYWQiOjMwMDAwMDAwMDAwMCwidXBkYXRlIjoxODAwMDAwMDAwMDAwfX0=",
          "dependencies": [
            "azurerm_resource_group.rg"
          ]
        },
        {
          "index_key": 2,
          "schema_version": 0,
          "attributes": {
            "allocation_method": "Dynamic",
            "domain_name_label": null,
            "fqdn": null,
            "id": "/subscriptions/28fcfe8a-5f17-4c54-a3db-14d00d3392c0/resourceGroups/kubernetes_rg/providers/Microsoft.Network/publicIPAddresses/PublicIPnfs",
            "idle_timeout_in_minutes": 4,
            "ip_address": "52.178.98.221",
            "ip_version": "IPv4",
            "location": "westeurope",
            "name": "PublicIPnfs",
            "public_ip_prefix_id": null,
            "resource_group_name": "kubernetes_rg",
            "reverse_fqdn": null,
            "sku": "Basic",
            "tags": {
              "environment": "CP2"
            },
            "timeouts": null,
            "zones": []
          },
          "sensitive_attributes": [],
          "private": "eyJlMmJmYjczMC1lY2FhLTExZTYtOGY4OC0zNDM2M2JjN2M0YzAiOnsiY3JlYXRlIjoxODAwMDAwMDAwMDAwLCJkZWxldGUiOjE4MDAwMDAwMDAwMDAsInJlYWQiOjMwMDAwMDAwMDAwMCwidXBkYXRlIjoxODAwMDAwMDAwMDAwfX0=",
          "dependencies": [
            "azurerm_resource_group.rg"
          ]
        }
      ]
    },
    {
      "mode": "managed",
      "type": "azurerm_resource_group",
      "name": "rg",
      "provider": "provider[\"registry.terraform.io/hashicorp/azurerm\"]",
      "instances": [
        {
          "schema_version": 0,
          "attributes": {
            "id": "/subscriptions/28fcfe8a-5f17-4c54-a3db-14d00d3392c0/resourceGroups/kubernetes_rg",
            "location": "westeurope",
            "name": "kubernetes_rg",
            "tags": {
              "environment": "CP2"
            },
            "timeouts": null
          },
          "sensitive_attributes": [],
          "private": "eyJlMmJmYjczMC1lY2FhLTExZTYtOGY4OC0zNDM2M2JjN2M0YzAiOnsiY3JlYXRlIjo1NDAwMDAwMDAwMDAwLCJkZWxldGUiOjU0MDAwMDAwMDAwMDAsInJlYWQiOjMwMDAwMDAwMDAwMCwidXBkYXRlIjo1NDAwMDAwMDAwMDAwfX0="
        }
      ]
    },
    {
      "mode": "managed",
      "type": "azurerm_storage_account",
      "name": "stAccount",
      "provider": "provider[\"registry.terraform.io/hashicorp/azurerm\"]",
      "instances": [
        {
          "schema_version": 2,
          "attributes": {
            "access_tier": "Hot",
            "account_kind": "StorageV2",
            "account_replication_type": "LRS",
            "account_tier": "Standard",
            "allow_blob_public_access": false,
            "blob_properties": [],
            "custom_domain": [],
            "enable_https_traffic_only": true,
            "id": "/subscriptions/28fcfe8a-5f17-4c54-a3db-14d00d3392c0/resourceGroups/kubernetes_rg/providers/Microsoft.Storage/storageAccounts/storageaccountgabgua",
            "identity": [],
            "is_hns_enabled": false,
            "large_file_share_enabled": null,
            "location": "westeurope",
            "min_tls_version": "TLS1_0",
            "name": "storageaccountgabgua",
            "network_rules": [
              {
                "bypass": [
                  "AzureServices"
                ],
                "default_action": "Allow",
                "ip_rules": [],
                "virtual_network_subnet_ids": []
              }
            ],
            "primary_access_key": "d7XWahbABGfXn/aJWAQJaIwSKkSJZw5XcoZ1dvxMrc5b722T3i8UUKnroquTXnF2QUYulNo4IsOkFI1jkLv31Q==",
            "primary_blob_connection_string": "DefaultEndpointsProtocol=https;BlobEndpoint=https://storageaccountgabgua.blob.core.windows.net/;AccountName=storageaccountgabgua;AccountKey=d7XWahbABGfXn/aJWAQJaIwSKkSJZw5XcoZ1dvxMrc5b722T3i8UUKnroquTXnF2QUYulNo4IsOkFI1jkLv31Q==",
            "primary_blob_endpoint": "https://storageaccountgabgua.blob.core.windows.net/",
            "primary_blob_host": "storageaccountgabgua.blob.core.windows.net",
            "primary_connection_string": "DefaultEndpointsProtocol=https;AccountName=storageaccountgabgua;AccountKey=d7XWahbABGfXn/aJWAQJaIwSKkSJZw5XcoZ1dvxMrc5b722T3i8UUKnroquTXnF2QUYulNo4IsOkFI1jkLv31Q==;EndpointSuffix=core.windows.net",
            "primary_dfs_endpoint": "https://storageaccountgabgua.dfs.core.windows.net/",
            "primary_dfs_host": "storageaccountgabgua.dfs.core.windows.net",
            "primary_file_endpoint": "https://storageaccountgabgua.file.core.windows.net/",
            "primary_file_host": "storageaccountgabgua.file.core.windows.net",
            "primary_location": "westeurope",
            "primary_queue_endpoint": "https://storageaccountgabgua.queue.core.windows.net/",
            "primary_queue_host": "storageaccountgabgua.queue.core.windows.net",
            "primary_table_endpoint": "https://storageaccountgabgua.table.core.windows.net/",
            "primary_table_host": "storageaccountgabgua.table.core.windows.net",
            "primary_web_endpoint": "https://storageaccountgabgua.z6.web.core.windows.net/",
            "primary_web_host": "storageaccountgabgua.z6.web.core.windows.net",
            "queue_properties": [
              {
                "cors_rule": [],
                "hour_metrics": [
                  {
                    "enabled": true,
                    "include_apis": true,
                    "retention_policy_days": 7,
                    "version": "1.0"
                  }
                ],
                "logging": [
                  {
                    "delete": false,
                    "read": false,
                    "retention_policy_days": 0,
                    "version": "1.0",
                    "write": false
                  }
                ],
                "minute_metrics": [
                  {
                    "enabled": false,
                    "include_apis": false,
                    "retention_policy_days": 0,
                    "version": "1.0"
                  }
                ]
              }
            ],
            "resource_group_name": "kubernetes_rg",
            "secondary_access_key": "aqqHfJbO0BMyWKRGOipmSANbsk14glcToZh3wxmpFFogzfstKZ49GgKkAhAkcJA6KEF0ScvebanCfo00Zp+phQ==",
            "secondary_blob_connection_string": "",
            "secondary_blob_endpoint": null,
            "secondary_blob_host": null,
            "secondary_connection_string": "DefaultEndpointsProtocol=https;AccountName=storageaccountgabgua;AccountKey=aqqHfJbO0BMyWKRGOipmSANbsk14glcToZh3wxmpFFogzfstKZ49GgKkAhAkcJA6KEF0ScvebanCfo00Zp+phQ==;EndpointSuffix=core.windows.net",
            "secondary_dfs_endpoint": null,
            "secondary_dfs_host": null,
            "secondary_file_endpoint": null,
            "secondary_file_host": null,
            "secondary_location": "",
            "secondary_queue_endpoint": null,
            "secondary_queue_host": null,
            "secondary_table_endpoint": null,
            "secondary_table_host": null,
            "secondary_web_endpoint": null,
            "secondary_web_host": null,
            "static_website": [],
            "tags": {
              "environment": "CP2"
            },
            "timeouts": null
          },
          "sensitive_attributes": [],
          "private": "eyJlMmJmYjczMC1lY2FhLTExZTYtOGY4OC0zNDM2M2JjN2M0YzAiOnsiY3JlYXRlIjozNjAwMDAwMDAwMDAwLCJkZWxldGUiOjM2MDAwMDAwMDAwMDAsInJlYWQiOjMwMDAwMDAwMDAwMCwidXBkYXRlIjozNjAwMDAwMDAwMDAwfSwic2NoZW1hX3ZlcnNpb24iOiIyIn0=",
          "dependencies": [
            "azurerm_resource_group.rg"
          ]
        }
      ]
    },
    {
      "mode": "managed",
      "type": "azurerm_subnet",
      "name": "mySubnet",
      "provider": "provider[\"registry.terraform.io/hashicorp/azurerm\"]",
      "instances": [
        {
          "schema_version": 0,
          "attributes": {
            "address_prefix": "10.0.1.0/24",
            "address_prefixes": [
              "10.0.1.0/24"
            ],
            "delegation": [],
            "enforce_private_link_endpoint_network_policies": false,
            "enforce_private_link_service_network_policies": false,
            "id": "/subscriptions/28fcfe8a-5f17-4c54-a3db-14d00d3392c0/resourceGroups/kubernetes_rg/providers/Microsoft.Network/virtualNetworks/kubernetesnet/subnets/terraformsubnet",
            "name": "terraformsubnet",
            "resource_group_name": "kubernetes_rg",
            "service_endpoint_policy_ids": [],
            "service_endpoints": [],
            "timeouts": null,
            "virtual_network_name": "kubernetesnet"
          },
          "sensitive_attributes": [],
          "private": "eyJlMmJmYjczMC1lY2FhLTExZTYtOGY4OC0zNDM2M2JjN2M0YzAiOnsiY3JlYXRlIjoxODAwMDAwMDAwMDAwLCJkZWxldGUiOjE4MDAwMDAwMDAwMDAsInJlYWQiOjMwMDAwMDAwMDAwMCwidXBkYXRlIjoxODAwMDAwMDAwMDAwfX0=",
          "dependencies": [
            "azurerm_resource_group.rg",
            "azurerm_virtual_network.myNet"
          ]
        }
      ]
    },
    {
      "mode": "managed",
      "type": "azurerm_virtual_network",
      "name": "myNet",
      "provider": "provider[\"registry.terraform.io/hashicorp/azurerm\"]",
      "instances": [
        {
          "schema_version": 0,
          "attributes": {
            "address_space": [
              "10.0.0.0/16"
            ],
            "bgp_community": "",
            "ddos_protection_plan": [],
            "dns_servers": [],
            "guid": "14db9e27-6bae-40b2-a743-f3c62923e523",
            "id": "/subscriptions/28fcfe8a-5f17-4c54-a3db-14d00d3392c0/resourceGroups/kubernetes_rg/providers/Microsoft.Network/virtualNetworks/kubernetesnet",
            "location": "westeurope",
            "name": "kubernetesnet",
            "resource_group_name": "kubernetes_rg",
            "subnet": [
              {
                "address_prefix": "10.0.1.0/24",
                "id": "/subscriptions/28fcfe8a-5f17-4c54-a3db-14d00d3392c0/resourceGroups/kubernetes_rg/providers/Microsoft.Network/virtualNetworks/kubernetesnet/subnets/terraformsubnet",
                "name": "terraformsubnet",
                "security_group": ""
              }
            ],
            "tags": {
              "environment": "CP2"
            },
            "timeouts": null,
            "vm_protection_enabled": false
          },
          "sensitive_attributes": [],
          "private": "eyJlMmJmYjczMC1lY2FhLTExZTYtOGY4OC0zNDM2M2JjN2M0YzAiOnsiY3JlYXRlIjoxODAwMDAwMDAwMDAwLCJkZWxldGUiOjE4MDAwMDAwMDAwMDAsInJlYWQiOjMwMDAwMDAwMDAwMCwidXBkYXRlIjoxODAwMDAwMDAwMDAwfX0=",
          "dependencies": [
            "azurerm_resource_group.rg"
          ]
        }
      ]
    }
  ]
}
